<?xml version="1.0" encoding="utf-8"?>
<Project ToolsVersion="14.0" xmlns="http://schemas.microsoft.com/developer/msbuild/2003">
  <ItemGroup>
    <ClCompile Include="$(ProjectDir)..\..\..\tests\functests\BasicFuncTests.cpp" />
    <ClCompile Include="$(ProjectDir)..\..\..\tests\functests\LoadTests.cpp" />
    <ClCompile Include="$(ProjectDir)..\..\..\tests\functests\Main.cpp" />
    <ClCompile Include="$(ProjectDir)..\..\..\tests\functests\MultipleLogManagersTests.cpp" />
    <ClCompile Include="$(ProjectDir)..\..\..\tests\common\Common.cpp" />
    <ClCompile Include="$(ProjectDir)..\..\..\tests\common\Mocks.cpp" />
    <ClCompile Include="$(ProjectDir)..\..\..\tests\functests\BasicAfdFuncTests.cpp" />
  </ItemGroup>
  <ItemGroup>
    <ClInclude Include="$(ProjectDir)..\..\..\tests\common\Common.hpp" />
    <ClInclude Include="$(ProjectDir)..\..\..\tests\common\HttpServer.hpp" />
    <ClInclude Include="$(ProjectDir)..\..\..\tests\common\MockIHttpClient.hpp" />
    <ClInclude Include="$(ProjectDir)..\..\..\tests\common\MockILogManagerInternal.hpp" />
    <ClInclude Include="$(ProjectDir)..\..\..\tests\common\MockIOfflineStorage.hpp" />
    <ClInclude Include="$(ProjectDir)..\..\..\tests\common\MockIOfflineStorageObserver.hpp" />
    <ClInclude Include="$(ProjectDir)..\..\..\tests\common\MockIRuntimeConfig.hpp" />
    <ClInclude Include="$(ProjectDir)..\..\..\tests\common\MockISemanticContext.hpp" />
    <ClInclude Include="$(ProjectDir)..\..\..\tests\common\MockISqlite3Proxy.hpp" />
    <ClInclude Include="$(ProjectDir)..\..\..\tests\common\SocketTools.hpp" />
  </ItemGroup>
  <ItemGroup>
    <Filter Include=" ">
      <UniqueIdentifier>{785D8461-1CA4-30CA-9A64-692B8A3A06A7}</UniqueIdentifier>
    </Filter>
    <Filter Include="common">
      <UniqueIdentifier>{F910581B-17A7-3DD0-AEFD-1B8C0A922D49}</UniqueIdentifier>
    </Filter>
  </ItemGroup>
</Project>