<?xml version="1.0" encoding="utf-8"?>
<Project ToolsVersion="4.0" xmlns="http://schemas.microsoft.com/developer/msbuild/2003">
  <ItemGroup>
    <Filter Include="Source Files">
      <UniqueIdentifier>{4FC737F1-C7A5-4376-A066-2A32D752A2FF}</UniqueIdentifier>
      <Extensions>cpp;c;cc;cxx;def;odl;idl;hpj;bat;asm;asmx</Extensions>
    </Filter>
    <Filter Include="Header Files">
      <UniqueIdentifier>{93995380-89BD-4b04-88EB-625FBE52EBFB}</UniqueIdentifier>
      <Extensions>h;hh;hpp;hxx;hm;inl;inc;ipp;xsd</Extensions>
    </Filter>
    <Filter Include="Resource Files">
      <UniqueIdentifier>{67DA6AB6-F800-4c08-8B7A-83BB121AAD01}</UniqueIdentifier>
      <Extensions>rc;ico;cur;bmp;dlg;rc2;rct;bin;rgs;gif;jpg;jpeg;jpe;resx;tiff;tif;png;wav;mfcribbon-ms</Extensions>
    </Filter>
  </ItemGroup>
  <ItemGroup>
    <ClCompile Include="EventSender.cpp">
      <Filter>Source Files</Filter>
    </ClCompile>
  </ItemGroup>
  <ItemGroup>
    <None Include="deploy-dll.cmd" />
    <None Include="include\Version.hpp.template">
      <Filter>Header Files</Filter>
    </None>
  </ItemGroup>
  <ItemGroup>
    <ClInclude Include="include\AggregatedMetric.hpp">
      <Filter>Header Files</Filter>
    </ClInclude>
    <ClInclude Include="include\mat.h">
      <Filter>Header Files</Filter>
    </ClInclude>
    <ClInclude Include="include\CAPIClient.hpp">
      <Filter>Header Files</Filter>
    </ClInclude>
    <ClInclude Include="include\CorrelationVector.hpp">
      <Filter>Header Files</Filter>
    </ClInclude>
    <ClInclude Include="include\ctmacros.hpp">
      <Filter>Header Files</Filter>
    </ClInclude>
    <ClInclude Include="include\DebugEvents.hpp">
      <Filter>Header Files</Filter>
    </ClInclude>
    <ClInclude Include="include\Enums.hpp">
      <Filter>Header Files</Filter>
    </ClInclude>
    <ClInclude Include="include\EventProperties.hpp">
      <Filter>Header Files</Filter>
    </ClInclude>
    <ClInclude Include="include\EventProperty.hpp">
      <Filter>Header Files</Filter>
    </ClInclude>
    <ClInclude Include="include\IAFDClient.hpp">
      <Filter>Header Files</Filter>
    </ClInclude>
    <ClInclude Include="include\IAuthTokensController.hpp">
      <Filter>Header Files</Filter>
    </ClInclude>
    <ClInclude Include="include\IBandwidthController.hpp">
      <Filter>Header Files</Filter>
    </ClInclude>
    <ClInclude Include="include\IECSClient.hpp">
      <Filter>Header Files</Filter>
    </ClInclude>
    <ClInclude Include="include\IHttpClient.hpp">
      <Filter>Header Files</Filter>
    </ClInclude>
    <ClInclude Include="include\ILogConfiguration.hpp">
      <Filter>Header Files</Filter>
    </ClInclude>
    <ClInclude Include="include\ILogger.hpp">
      <Filter>Header Files</Filter>
    </ClInclude>
    <ClInclude Include="include\ILogManager.hpp">
      <Filter>Header Files</Filter>
    </ClInclude>
    <ClInclude Include="include\ISemanticContext.hpp">
      <Filter>Header Files</Filter>
    </ClInclude>
    <ClInclude Include="include\LogConfiguration.hpp">
      <Filter>Header Files</Filter>
    </ClInclude>
    <ClInclude Include="include\LogManager.hpp">
      <Filter>Header Files</Filter>
    </ClInclude>
    <ClInclude Include="include\LogManagerBase.hpp">
      <Filter>Header Files</Filter>
    </ClInclude>
    <ClInclude Include="include\LogManagerProvider.hpp">
      <Filter>Header Files</Filter>
    </ClInclude>
    <ClInclude Include="include\LogSessionData.hpp">
      <Filter>Header Files</Filter>
    </ClInclude>
    <ClInclude Include="include\NullObjects.hpp">
      <Filter>Header Files</Filter>
    </ClInclude>
    <ClInclude Include="include\TransmitProfiles.hpp">
      <Filter>Header Files</Filter>
    </ClInclude>
    <ClInclude Include="include\Variant.hpp">
      <Filter>Header Files</Filter>
    </ClInclude>
    <ClInclude Include="include\VariantType.hpp">
      <Filter>Header Files</Filter>
    </ClInclude>
    <ClInclude Include="include\Version.h">
      <Filter>Header Files</Filter>
    </ClInclude>
    <ClInclude Include="include\Version.hpp">
      <Filter>Header Files</Filter>
    </ClInclude>
  </ItemGroup>
</Project>