
Microsoft Visual Studio Solution File, Format Version 12.00
# Visual Studio Version 16
VisualStudioVersion = 16.0.30320.27
MinimumVisualStudioVersion = 10.0.40219.1
Project("{2150E333-8FDC-42A3-9474-1A3956D46DE8}") = "Nuget", "Nuget", "{33558532-E7A4-4B8E-812B-B8EFF95D1E37}"
	ProjectSection(SolutionItems) = preProject
		Microsoft.Applications.Events.nuspec = Microsoft.Applications.Events.nuspec
	EndProjectSection
EndProject
Project("{FAE04EC0-301F-11D3-BF4B-00C04F79EFBC}") = "OneDsCppSdk.Android.Bindings", "sdk\OneDsCppSdk.Android.Bindings\OneDsCppSdk.Android.Bindings.csproj", "{182A8C40-0B40-4BA8-B3B8-00DFB583A047}"
EndProject
Project("{FAE04EC0-301F-11D3-BF4B-00C04F79EFBC}") = "OneDsCppSdk.iOS.Bindings", "sdk\OneDsCppSdk.iOS.Bindings\OneDsCppSdk.iOS.Bindings.csproj", "{5D41E55E-A4CE-41A6-8C11-AA8047B42779}"
EndProject
Project("{9A19103F-16F7-4668-BE54-9A1E7A4F7556}") = "OneDsCppSdk.Standard", "sdk\OneDsCppSdk.Standard\OneDsCppSdk.Standard.csproj", "{94F7DED5-D868-4189-90F6-12C432C4E233}"
EndProject
Global
	GlobalSection(SolutionConfigurationPlatforms) = preSolution
		Debug|Any CPU = Debug|Any CPU
		Release|Any CPU = Release|Any CPU
	EndGlobalSection
	GlobalSection(ProjectConfigurationPlatforms) = postSolution
		{182A8C40-0B40-4BA8-B3B8-00DFB583A047}.Debug|Any CPU.ActiveCfg = Debug|Any CPU
		{182A8C40-0B40-4BA8-B3B8-00DFB583A047}.Debug|Any CPU.Build.0 = Debug|Any CPU
		{182A8C40-0B40-4BA8-B3B8-00DFB583A047}.Release|Any CPU.ActiveCfg = Release|Any CPU
		{182A8C40-0B40-4BA8-B3B8-00DFB583A047}.Release|Any CPU.Build.0 = Release|Any CPU
		{5D41E55E-A4CE-41A6-8C11-AA8047B42779}.Debug|Any CPU.ActiveCfg = Debug|Any CPU
		{5D41E55E-A4CE-41A6-8C11-AA8047B42779}.Debug|Any CPU.Build.0 = Debug|Any CPU
		{5D41E55E-A4CE-41A6-8C11-AA8047B42779}.Release|Any CPU.ActiveCfg = Release|Any CPU
		{5D41E55E-A4CE-41A6-8C11-AA8047B42779}.Release|Any CPU.Build.0 = Release|Any CPU
		{94F7DED5-D868-4189-90F6-12C432C4E233}.Debug|Any CPU.ActiveCfg = Debug|Any CPU
		{94F7DED5-D868-4189-90F6-12C432C4E233}.Debug|Any CPU.Build.0 = Debug|Any CPU
		{94F7DED5-D868-4189-90F6-12C432C4E233}.Release|Any CPU.ActiveCfg = Release|Any CPU
		{94F7DED5-D868-4189-90F6-12C432C4E233}.Release|Any CPU.Build.0 = Release|Any CPU
	EndGlobalSection
	GlobalSection(SolutionProperties) = preSolution
		HideSolutionNode = FALSE
	EndGlobalSection
	GlobalSection(ExtensibilityGlobals) = postSolution
		SolutionGuid = {B6D12F53-17B2-416D-8BB0-D771D5F77B10}
	EndGlobalSection
EndGlobal
