<?xml version="1.0" encoding="utf-8"?>
<Project ToolsVersion="4.0" xmlns="http://schemas.microsoft.com/developer/msbuild/2003">
  <ItemGroup>
    <ClCompile Include="$(MSBuildThisFileDirectory)EXPCommonClient.cpp" />
    <ClCompile Include="$(MSBuildThisFileDirectory)JsonHelper.cpp" />
    <ClCompile Include="$(MSBuildThisFileDirectory)afd\afdclient\AFDClient.cpp">
      <Filter>afd</Filter>
    </ClCompile>
    <ClCompile Include="$(MSBuildThisFileDirectory)afd\afdclient\AFDClientUtils.cpp">
      <Filter>afd</Filter>
    </ClCompile>
    <ClCompile Include="$(MSBuildThisFileDirectory)afd\afdclient\AFDConfigCache.cpp">
      <Filter>afd</Filter>
    </ClCompile>
    <ClCompile Include="$(MSBuildThisFileDirectory)ecs\ecsclient\ECSClient.cpp">
      <Filter>ecs</Filter>
    </ClCompile>
    <ClCompile Include="$(MSBuildThisFileDirectory)ecs\ecsclient\ECSClientUtils.cpp">
      <Filter>ecs</Filter>
    </ClCompile>
    <ClCompile Include="$(MSBuildThisFileDirectory)ecs\ecsclient\ECSConfigCache.cpp">
      <Filter>ecs</Filter>
    </ClCompile>
    <ClCompile Include="$(MSBuildThisFileDirectory)FifoFileStorage.cpp" />
  </ItemGroup>
  <ItemGroup>
    <ClInclude Include="$(MSBuildThisFileDirectory)EXPCommonClient.hpp" />
    <ClInclude Include="$(MSBuildThisFileDirectory)JsonHelper.hpp" />
    <ClInclude Include="$(MSBuildThisFileDirectory)afd\afdclient\AFDClient.hpp">
      <Filter>afd</Filter>
    </ClInclude>
    <ClInclude Include="$(MSBuildThisFileDirectory)afd\afdclient\AFDClientConfig.hpp">
      <Filter>afd</Filter>
    </ClInclude>
    <ClInclude Include="$(MSBuildThisFileDirectory)afd\afdclient\AFDClientUtils.hpp">
      <Filter>afd</Filter>
    </ClInclude>
    <ClInclude Include="$(MSBuildThisFileDirectory)afd\afdclient\AFDConfigCache.hpp">
      <Filter>afd</Filter>
    </ClInclude>
    <ClInclude Include="$(MSBuildThisFileDirectory)ecs\ecsclient\ECSClient.hpp">
      <Filter>ecs</Filter>
    </ClInclude>
    <ClInclude Include="$(MSBuildThisFileDirectory)ecs\ecsclient\ECSClientConfig.hpp">
      <Filter>ecs</Filter>
    </ClInclude>
    <ClInclude Include="$(MSBuildThisFileDirectory)ecs\ecsclient\ECSClientUtils.hpp">
      <Filter>ecs</Filter>
    </ClInclude>
    <ClInclude Include="$(MSBuildThisFileDirectory)ecs\ecsclient\ECSConfigCache.hpp">
      <Filter>ecs</Filter>
    </ClInclude>
    <ClInclude Include="$(MSBuildThisFileDirectory)FifoFileStorage.hpp" />
    <ClInclude Include="$(MSBuildThisFileDirectory)IDataStorage.hpp" />
  </ItemGroup>
  <ItemGroup>
    <Filter Include="afd">
      <UniqueIdentifier>{e2512b83-08f0-42e3-81f1-765489526892}</UniqueIdentifier>
    </Filter>
    <Filter Include="ecs">
      <UniqueIdentifier>{a2dce1c3-c4b8-488d-ba6c-0f23f7bf436f}</UniqueIdentifier>
    </Filter>
  </ItemGroup>
  <ItemGroup>
    <Text Include="$(MSBuildThisFileDirectory)README" />
  </ItemGroup>
</Project>