
Microsoft Visual Studio Solution File, Format Version 12.00
# Visual Studio Version 17
VisualStudioVersion = 17.4.33403.182
MinimumVisualStudioVersion = 10.0.40219.1
Project("{9A19103F-16F7-4668-BE54-9A1E7A4F7556}") = "EventSender", "EventSender.csproj", "{D69C30C5-CBAD-415C-9F93-19BB7219D085}"
EndProject
Global
	GlobalSection(SolutionConfigurationPlatforms) = preSolution
		Debug|Any CPU = Debug|Any CPU
		Release|Any CPU = Release|Any CPU
	EndGlobalSection
	GlobalSection(ProjectConfigurationPlatforms) = postSolution
		{D69C30C5-CBAD-415C-9F93-19BB7219D085}.Debug|Any CPU.ActiveCfg = Debug|Any CPU
		{D69C30C5-CBAD-415C-9F93-19BB7219D085}.Debug|Any CPU.Build.0 = Debug|Any CPU
		{D69C30C5-CBAD-415C-9F93-19BB7219D085}.Release|Any CPU.ActiveCfg = Release|Any CPU
		{D69C30C5-CBAD-415C-9F93-19BB7219D085}.Release|Any CPU.Build.0 = Release|Any CPU
	EndGlobalSection
	GlobalSection(SolutionProperties) = preSolution
		HideSolutionNode = FALSE
	EndGlobalSection
	GlobalSection(ExtensibilityGlobals) = postSolution
		SolutionGuid = {9EE7D92A-8808-4AA8-9D5D-79B199AC8A9F}
	EndGlobalSection
EndGlobal
