<?xml version="1.0" encoding="utf-8"?>
<Project ToolsVersion="4.0" xmlns="http://schemas.microsoft.com/developer/msbuild/2003">
  <ItemGroup>
    <ClCompile Include="pch.cpp" />
    <ClCompile Include="WindowsDesktopHelpers.cpp" />
    <ClCompile Include="..\shared\ECSClientCX.cpp">
      <Filter>shared-win32</Filter>
    </ClCompile>
    <ClCompile Include="..\shared\EventPropertiesCX.cpp">
      <Filter>shared-win32</Filter>
    </ClCompile>
    <ClCompile Include="..\shared\LogConfigurationCX.cpp">
      <Filter>shared-win32</Filter>
    </ClCompile>
    <ClCompile Include="..\shared\LoggerCX.cpp">
      <Filter>shared-win32</Filter>
    </ClCompile>
    <ClCompile Include="..\shared\LogManagerCX.cpp">
      <Filter>shared-win32</Filter>
    </ClCompile>
    <ClCompile Include="..\shared\SemanticContextCX.cpp">
      <Filter>shared-win32</Filter>
    </ClCompile>
    <ClCompile Include="..\shared\TimedEvent.cpp">
      <Filter>shared-win32</Filter>
    </ClCompile>
    <ClCompile Include="AssemblyInfo.cpp" />
  </ItemGroup>
  <ItemGroup>
    <ClInclude Include="pch.h" />
    <ClInclude Include="targetver.h" />
    <ClInclude Include="$(SolutionDir)\PAL\win32\WindowsEnvironmentInfo.h" />
  </ItemGroup>
  <ItemGroup>
    <Filter Include="Resource Files">
      <UniqueIdentifier>{91c1ea2c-8de0-462e-bf51-a0a995addbf2}</UniqueIdentifier>
    </Filter>
    <Filter Include="shared-win32">
      <UniqueIdentifier>{91f9f29a-32a9-4ad2-86a8-f0a86e741a70}</UniqueIdentifier>
    </Filter>
  </ItemGroup>
  <ItemGroup>
    <ResourceCompile Include="..\VersionInfo.rc">
      <Filter>Resource Files</Filter>
    </ResourceCompile>
  </ItemGroup>
</Project>