Microsoft Visual Studio Solution File, Format Version 12.00
# Visual Studio 15
VisualStudioVersion = 15.0.27205.2004
MinimumVisualStudioVersion = 10.0.40219.1
Project("{8BC9CEB8-8B4A-11D0-8D11-00A0C91BC942}") = "sqlite", "..\sqlite\sqlite.vcxproj", "{2EBC7B3C-2AF1-442C-9285-CAB39BBB8C00}"
EndProject
Project("{8BC9CEB8-8B4A-11D0-8D11-00A0C91BC942}") = "ClientTelemetry", "Clienttelemetry\Clienttelemetry.vcxitems", "{45D41ACC-2C3C-43D2-BC10-02AA73FFC7C7}"
EndProject
Project("{8BC9CEB8-8B4A-11D0-8D11-00A0C91BC942}") = "win32", "..\lib\pal\win32\win32.vcxitems", "{10E9165B-49D1-4D1C-8248-334B9905B9CD}"
EndProject
Project("{8BC9CEB8-8B4A-11D0-8D11-00A0C91BC942}") = "winrt", "..\lib\pal\winrt\winrt.vcxitems", "{10E9165B-49D1-4D1C-8248-334B9905B9CC}"
EndProject
Project("{8BC9CEB8-8B4A-11D0-8D11-00A0C91BC942}") = "win32-dll", "win32-dll\win32-dll.vcxproj", "{216A8E97-21F7-4BEF-9E52-7F772C177C32}"
EndProject
Project("{8BC9CEB8-8B4A-11D0-8D11-00A0C91BC942}") = "win10-dll", "win10-dll\win10-dll.vcxproj", "{57A81ED9-5603-471F-AFEE-9656DA74178D}"
EndProject
Project("{8BC9CEB8-8B4A-11D0-8D11-00A0C91BC942}") = "afdclient-cpp", "afdclient-cpp\afdclient-cpp.vcxproj", "{5803295C-975F-43E5-A962-289153C0D6E4}"
EndProject
Project("{8BC9CEB8-8B4A-11D0-8D11-00A0C91BC942}") = "win10-cs", "win10-cs\win10-cs.vcxproj", "{49077DBF-E363-4D2D-8334-636569A771B6}"
	ProjectSection(ProjectDependencies) = postProject
		{8FD826F8-3739-44E6-8CC8-997122E53B8D} = {8FD826F8-3739-44E6-8CC8-997122E53B8D}
	EndProjectSection
EndProject
Project("{8BC9CEB8-8B4A-11D0-8D11-00A0C91BC942}") = "net40", "net40\net40.vcxproj", "{DC91621E-A203-42DF-8E03-3A23DD0602B1}"
EndProject
Project("{2150E333-8FDC-42A3-9474-1A3956D46DE8}") = "Samples", "Samples", "{250EFB82-2F0E-4781-94BB-8313201ABDF0}"
EndProject
Project("{8BC9CEB8-8B4A-11D0-8D11-00A0C91BC942}") = "gmock", "..\googletest\googlemock\msvc\2015\gmock.vcxproj", "{34681F0D-CE45-415D-B5F2-5C662DFE3BD5}"
EndProject
Project("{8BC9CEB8-8B4A-11D0-8D11-00A0C91BC942}") = "gtest", "..\googletest\googletest\msvc\gtest.vcxproj", "{C8F6C172-56F2-4E76-B5FA-C3B423B31BE7}"
EndProject
Project("{8BC9CEB8-8B4A-11D0-8D11-00A0C91BC942}") = "sqlite-uwp", "..\sqliteUWP\sqlite-uwp.vcxproj", "{6883A688-89F5-424A-9BFA-50D42F691B29}"
EndProject
Project("{8BC9CEB8-8B4A-11D0-8D11-00A0C91BC942}") = "zlib", "..\zlib\contrib\vstudio\vc14\zlibvc.vcxproj", "{8FD826F8-3739-44E6-8CC8-997122E53B8D}"
EndProject
Project("{2150E333-8FDC-42A3-9474-1A3956D46DE8}") = "PAL", "PAL", "{34B3E59D-E740-4C23-ACEE-E94C80E83A18}"
EndProject
Project("{2150E333-8FDC-42A3-9474-1A3956D46DE8}") = "build", "build", "{EB2950D7-DF24-4079-BF8B-29338DD602A0}"
EndProject
Project("{8BC9CEB8-8B4A-11D0-8D11-00A0C91BC942}") = "build-sdk", "build\build-sdk\build-sdk.vcxproj", "{7A9D3496-DA4E-4D1D-BC83-5527E865B8DF}"
EndProject
Project("{8BC9CEB8-8B4A-11D0-8D11-00A0C91BC942}") = "HelloAriaUWP", "..\examples\HelloAriaUWP\UAPCPP.vcxproj", "{39DBD601-4D79-49F9-AD18-065404DBA273}"
EndProject
Project("{8BC9CEB8-8B4A-11D0-8D11-00A0C91BC942}") = "ExpClientUWP", "..\examples\ExpClientCppUWP\ExpClient.vcxproj", "{A6CB242F-C3D4-473A-8BC2-95589A794C2A}"
EndProject
Project("{8BC9CEB8-8B4A-11D0-8D11-00A0C91BC942}") = "shared", "..\lib\shared\Shared.vcxitems", "{EF859326-2A11-481C-AE8C-03D754F1C412}"
EndProject
Project("{2150E333-8FDC-42A3-9474-1A3956D46DE8}") = "include", "include", "{553836FF-B1FD-4B70-AC81-AEC7752F9284}"
	ProjectSection(SolutionItems) = preProject
		..\lib\include\public\AggregatedMetric.hpp = ..\lib\include\public\AggregatedMetric.hpp
		..\lib\include\public\ctmacros.hpp = ..\lib\include\public\ctmacros.hpp
		..\lib\include\public\DebugEvents.hpp = ..\lib\include\public\DebugEvents.hpp
		..\lib\include\public\Enums.hpp = ..\lib\include\public\Enums.hpp
		..\lib\include\public\EventProperties.hpp = ..\lib\include\public\EventProperties.hpp
		..\lib\include\public\EventProperty.hpp = ..\lib\include\public\EventProperty.hpp
		..\lib\include\public\IAFDClient.hpp = ..\lib\include\public\IAFDClient.hpp
		..\lib\include\public\IECSClient.hpp = ..\lib\include\public\IECSClient.hpp
		..\lib\include\public\IHttpClient.hpp = ..\lib\include\public\IHttpClient.hpp
		..\lib\include\public\ILogConfiguration.hpp = ..\lib\include\public\ILogConfiguration.hpp
		..\lib\include\public\ILogger.hpp = ..\lib\include\public\ILogger.hpp
		..\lib\include\public\ILogManager.hpp = ..\lib\include\public\ILogManager.hpp
		..\lib\include\public\IRuntimeConfig.hpp = ..\lib\include\public\IRuntimeConfig.hpp
		..\lib\include\public\ISemanticContext.hpp = ..\lib\include\public\ISemanticContext.hpp
		..\lib\include\public\LogManager.hpp = ..\lib\include\public\LogManager.hpp
		..\lib\include\public\LogSessionData.hpp = ..\lib\include\public\LogSessionData.hpp
		..\lib\include\public\Version.hpp = ..\lib\include\public\Version.hpp
		..\lib\include\public\Version.hpp.template = ..\lib\include\public\Version.hpp.template
	EndProjectSection
EndProject
Project("{8BC9CEB8-8B4A-11D0-8D11-00A0C91BC942}") = "win32-lib", "win32-lib\win32-lib.vcxproj", "{1DC6B38A-B390-34CE-907F-4958807A3D42}"
EndProject
Project("{2150E333-8FDC-42A3-9474-1A3956D46DE8}") = "Tests", "Tests", "{A176E75D-5470-4D6E-A409-BDC950BE3AC4}"
EndProject
Project("{8BC9CEB8-8B4A-11D0-8D11-00A0C91BC942}") = "HelloAria", "..\examples\HelloAria\HelloAria.vcxproj", "{86AC752C-5687-4377-841E-943D9BEEF360}"
EndProject
Project("{8BC9CEB8-8B4A-11D0-8D11-00A0C91BC942}") = "UnitTests", "..\tests\unittests\UnitTests.vcxproj", "{434C594F-CDE0-3690-AC0A-9ED854B74092}"
EndProject
Project("{FAE04EC0-301F-11D3-BF4B-00C04F79EFBC}") = "HelloAriaCS", "..\examples\HelloAriaCS\HelloAriaCS.csproj", "{65AFA0E2-F9A2-4309-87E7-E419D59583C1}"
EndProject
Project("{8BC9CEB8-8B4A-11D0-8D11-00A0C91BC942}") = "FuncTests", "..\tests\functests\FuncTests.vcxproj", "{FE79FB3A-B3EF-38DF-B7A4-11277DB72B39}"
EndProject
Project("{8BC9CEB8-8B4A-11D0-8D11-00A0C91BC942}") = "win10-lib", "win10-lib\win10-lib.vcxproj", "{7A75748D-5D6B-48A5-83CB-F5F439133D59}"
EndProject
Project("{8BC9CEB8-8B4A-11D0-8D11-00A0C91BC942}") = "PersistentStorage", "..\examples\PersistentStorage\PersistentStorage.vcxproj", "{CBF024BE-35AA-475C-9BEF-D5B96410F66B}"
EndProject
Global
	GlobalSection(SharedMSBuildProjectFiles) = preSolution
		..\lib\pal\winrt\winrt.vcxitems*{10e9165b-49d1-4d1c-8248-334b9905b9cc}*SharedItemsImports = 9
		..\lib\pal\win32\win32.vcxitems*{10e9165b-49d1-4d1c-8248-334b9905b9cd}*SharedItemsImports = 9
		..\lib\pal\win32\win32.vcxitems*{1dc6b38a-b390-34ce-907f-4958807a3d42}*SharedItemsImports = 4
		Clienttelemetry\Clienttelemetry.vcxitems*{1dc6b38a-b390-34ce-907f-4958807a3d42}*SharedItemsImports = 4
		..\lib\pal\win32\win32.vcxitems*{216a8e97-21f7-4bef-9e52-7f772c177c32}*SharedItemsImports = 4
		Clienttelemetry\Clienttelemetry.vcxitems*{216a8e97-21f7-4bef-9e52-7f772c177c32}*SharedItemsImports = 4
		..\lib\pal\win32\win32.vcxitems*{434c594f-cde0-3690-ac0a-9ed854b74092}*SharedItemsImports = 4
		Clienttelemetry\Clienttelemetry.vcxitems*{434c594f-cde0-3690-ac0a-9ed854b74092}*SharedItemsImports = 4
		Clienttelemetry\Clienttelemetry.vcxitems*{45d41acc-2c3c-43d2-bc10-02aa73ffc7c7}*SharedItemsImports = 9
		..\lib\pal\winrt\winrt.vcxitems*{49077dbf-e363-4d2d-8334-636569a771b6}*SharedItemsImports = 4
		..\lib\shared\Shared.vcxitems*{49077dbf-e363-4d2d-8334-636569a771b6}*SharedItemsImports = 4
		Clienttelemetry\Clienttelemetry.vcxitems*{49077dbf-e363-4d2d-8334-636569a771b6}*SharedItemsImports = 4
		..\lib\pal\winrt\winrt.vcxitems*{57a81ed9-5603-471f-afee-9656da74178d}*SharedItemsImports = 4
		Clienttelemetry\Clienttelemetry.vcxitems*{57a81ed9-5603-471f-afee-9656da74178d}*SharedItemsImports = 4
		..\lib\pal\winrt\winrt.vcxitems*{7a75748d-5d6b-48a5-83cb-f5f439133d59}*SharedItemsImports = 4
		Clienttelemetry\Clienttelemetry.vcxitems*{7a75748d-5d6b-48a5-83cb-f5f439133d59}*SharedItemsImports = 4
		..\lib\shared\Shared.vcxitems*{dc91621e-a203-42df-8e03-3a23dd0602b1}*SharedItemsImports = 4
		..\lib\shared\Shared.vcxitems*{ef859326-2a11-481c-ae8c-03d754f1c412}*SharedItemsImports = 9
		..\lib\pal\win32\win32.vcxitems*{fe79fb3a-b3ef-38df-b7a4-11277db72b39}*SharedItemsImports = 4
		Clienttelemetry\Clienttelemetry.vcxitems*{fe79fb3a-b3ef-38df-b7a4-11277db72b39}*SharedItemsImports = 4
	EndGlobalSection
	GlobalSection(SolutionConfigurationPlatforms) = preSolution
		Debug.vs2015.MT-sqlite|ARM = Debug.vs2015.MT-sqlite|ARM
		Debug.vs2015.MT-sqlite|Win32 = Debug.vs2015.MT-sqlite|Win32
		Debug.vs2015.MT-sqlite|x64 = Debug.vs2015.MT-sqlite|x64
		Debug|ARM = Debug|ARM
		Debug|Win32 = Debug|Win32
		Debug|x64 = Debug|x64
		Release.vs2015.MT-sqlite|ARM = Release.vs2015.MT-sqlite|ARM
		Release.vs2015.MT-sqlite|Win32 = Release.vs2015.MT-sqlite|Win32
		Release.vs2015.MT-sqlite|x64 = Release.vs2015.MT-sqlite|x64
		Release|ARM = Release|ARM
		Release|Win32 = Release|Win32
		Release|x64 = Release|x64
	EndGlobalSection
	GlobalSection(ProjectConfigurationPlatforms) = postSolution
		{2EBC7B3C-2AF1-442C-9285-CAB39BBB8C00}.Debug.vs2015.MT-sqlite|ARM.ActiveCfg = Release|x64
		{2EBC7B3C-2AF1-442C-9285-CAB39BBB8C00}.Debug.vs2015.MT-sqlite|Win32.ActiveCfg = Release|x64
		{2EBC7B3C-2AF1-442C-9285-CAB39BBB8C00}.Debug.vs2015.MT-sqlite|Win32.Deploy.0 = Debug|Win32
		{2EBC7B3C-2AF1-442C-9285-CAB39BBB8C00}.Debug.vs2015.MT-sqlite|x64.ActiveCfg = Release|x64
		{2EBC7B3C-2AF1-442C-9285-CAB39BBB8C00}.Debug.vs2015.MT-sqlite|x64.Deploy.0 = Debug|x64
		{2EBC7B3C-2AF1-442C-9285-CAB39BBB8C00}.Debug|ARM.ActiveCfg = Debug|x64
		{2EBC7B3C-2AF1-442C-9285-CAB39BBB8C00}.Debug|Win32.ActiveCfg = Debug|Win32
		{2EBC7B3C-2AF1-442C-9285-CAB39BBB8C00}.Debug|x64.ActiveCfg = Debug|x64
		{2EBC7B3C-2AF1-442C-9285-CAB39BBB8C00}.Release.vs2015.MT-sqlite|ARM.ActiveCfg = Release|x64
		{2EBC7B3C-2AF1-442C-9285-CAB39BBB8C00}.Release.vs2015.MT-sqlite|Win32.ActiveCfg = Release|x64
		{2EBC7B3C-2AF1-442C-9285-CAB39BBB8C00}.Release.vs2015.MT-sqlite|Win32.Deploy.0 = Release|Win32
		{2EBC7B3C-2AF1-442C-9285-CAB39BBB8C00}.Release.vs2015.MT-sqlite|x64.ActiveCfg = Release|x64
		{2EBC7B3C-2AF1-442C-9285-CAB39BBB8C00}.Release.vs2015.MT-sqlite|x64.Deploy.0 = Release|x64
		{2EBC7B3C-2AF1-442C-9285-CAB39BBB8C00}.Release|ARM.ActiveCfg = Release|x64
		{2EBC7B3C-2AF1-442C-9285-CAB39BBB8C00}.Release|Win32.ActiveCfg = Release|Win32
		{2EBC7B3C-2AF1-442C-9285-CAB39BBB8C00}.Release|x64.ActiveCfg = Release|x64
		{2EBC7B3C-2AF1-442C-9285-CAB39BBB8C00}.Release|x64.Build.0 = Release|x64
		{216A8E97-21F7-4BEF-9E52-7F772C177C32}.Debug.vs2015.MT-sqlite|ARM.ActiveCfg = Release|x64
		{216A8E97-21F7-4BEF-9E52-7F772C177C32}.Debug.vs2015.MT-sqlite|Win32.ActiveCfg = Release|x64
		{216A8E97-21F7-4BEF-9E52-7F772C177C32}.Debug.vs2015.MT-sqlite|x64.ActiveCfg = Release|x64
		{216A8E97-21F7-4BEF-9E52-7F772C177C32}.Debug|ARM.ActiveCfg = Debug|x64
		{216A8E97-21F7-4BEF-9E52-7F772C177C32}.Debug|Win32.ActiveCfg = Debug|Win32
		{216A8E97-21F7-4BEF-9E52-7F772C177C32}.Debug|x64.ActiveCfg = Debug|x64
		{216A8E97-21F7-4BEF-9E52-7F772C177C32}.Release.vs2015.MT-sqlite|ARM.ActiveCfg = Release|x64
		{216A8E97-21F7-4BEF-9E52-7F772C177C32}.Release.vs2015.MT-sqlite|Win32.ActiveCfg = Release|x64
		{216A8E97-21F7-4BEF-9E52-7F772C177C32}.Release.vs2015.MT-sqlite|x64.ActiveCfg = Release|x64
		{216A8E97-21F7-4BEF-9E52-7F772C177C32}.Release|ARM.ActiveCfg = Release|x64
		{216A8E97-21F7-4BEF-9E52-7F772C177C32}.Release|Win32.ActiveCfg = Release|Win32
		{216A8E97-21F7-4BEF-9E52-7F772C177C32}.Release|x64.ActiveCfg = Release|x64
		{216A8E97-21F7-4BEF-9E52-7F772C177C32}.Release|x64.Build.0 = Release|x64
		{57A81ED9-5603-471F-AFEE-9656DA74178D}.Debug.vs2015.MT-sqlite|ARM.ActiveCfg = Debug|ARM
		{57A81ED9-5603-471F-AFEE-9656DA74178D}.Debug.vs2015.MT-sqlite|Win32.ActiveCfg = Debug|ARM
		{57A81ED9-5603-471F-AFEE-9656DA74178D}.Debug.vs2015.MT-sqlite|x64.ActiveCfg = Debug|ARM
		{57A81ED9-5603-471F-AFEE-9656DA74178D}.Debug|ARM.ActiveCfg = Debug|ARM
		{57A81ED9-5603-471F-AFEE-9656DA74178D}.Debug|ARM.Build.0 = Debug|ARM
		{57A81ED9-5603-471F-AFEE-9656DA74178D}.Debug|Win32.ActiveCfg = Debug|Win32
		{57A81ED9-5603-471F-AFEE-9656DA74178D}.Debug|x64.ActiveCfg = Debug|x64
		{57A81ED9-5603-471F-AFEE-9656DA74178D}.Release.vs2015.MT-sqlite|ARM.ActiveCfg = Debug|ARM
		{57A81ED9-5603-471F-AFEE-9656DA74178D}.Release.vs2015.MT-sqlite|Win32.ActiveCfg = Debug|ARM
		{57A81ED9-5603-471F-AFEE-9656DA74178D}.Release.vs2015.MT-sqlite|x64.ActiveCfg = Debug|ARM
		{57A81ED9-5603-471F-AFEE-9656DA74178D}.Release|ARM.ActiveCfg = Release|ARM
		{57A81ED9-5603-471F-AFEE-9656DA74178D}.Release|ARM.Build.0 = Release|ARM
		{57A81ED9-5603-471F-AFEE-9656DA74178D}.Release|Win32.ActiveCfg = Release|Win32
		{57A81ED9-5603-471F-AFEE-9656DA74178D}.Release|x64.ActiveCfg = Release|x64
		{5803295C-975F-43E5-A962-289153C0D6E4}.Debug.vs2015.MT-sqlite|ARM.ActiveCfg = Release|x64
		{5803295C-975F-43E5-A962-289153C0D6E4}.Debug.vs2015.MT-sqlite|Win32.ActiveCfg = Release|x64
		{5803295C-975F-43E5-A962-289153C0D6E4}.Debug.vs2015.MT-sqlite|x64.ActiveCfg = Release|x64
		{5803295C-975F-43E5-A962-289153C0D6E4}.Debug|ARM.ActiveCfg = Debug|x64
		{5803295C-975F-43E5-A962-289153C0D6E4}.Debug|Win32.ActiveCfg = Debug|Win32
		{5803295C-975F-43E5-A962-289153C0D6E4}.Debug|x64.ActiveCfg = Debug|x64
		{5803295C-975F-43E5-A962-289153C0D6E4}.Release.vs2015.MT-sqlite|ARM.ActiveCfg = Release|x64
		{5803295C-975F-43E5-A962-289153C0D6E4}.Release.vs2015.MT-sqlite|Win32.ActiveCfg = Release|x64
		{5803295C-975F-43E5-A962-289153C0D6E4}.Release.vs2015.MT-sqlite|x64.ActiveCfg = Release|x64
		{5803295C-975F-43E5-A962-289153C0D6E4}.Release|ARM.ActiveCfg = Release|x64
		{5803295C-975F-43E5-A962-289153C0D6E4}.Release|Win32.ActiveCfg = Release|Win32
		{5803295C-975F-43E5-A962-289153C0D6E4}.Release|x64.ActiveCfg = Release|x64
		{49077DBF-E363-4D2D-8334-636569A771B6}.Debug.vs2015.MT-sqlite|ARM.ActiveCfg = Debug|ARM
		{49077DBF-E363-4D2D-8334-636569A771B6}.Debug.vs2015.MT-sqlite|Win32.ActiveCfg = Debug|ARM
		{49077DBF-E363-4D2D-8334-636569A771B6}.Debug.vs2015.MT-sqlite|x64.ActiveCfg = Debug|ARM
		{49077DBF-E363-4D2D-8334-636569A771B6}.Debug|ARM.ActiveCfg = Debug|ARM
		{49077DBF-E363-4D2D-8334-636569A771B6}.Debug|ARM.Build.0 = Debug|ARM
		{49077DBF-E363-4D2D-8334-636569A771B6}.Debug|Win32.ActiveCfg = Debug|Win32
		{49077DBF-E363-4D2D-8334-636569A771B6}.Debug|x64.ActiveCfg = Debug|x64
		{49077DBF-E363-4D2D-8334-636569A771B6}.Release.vs2015.MT-sqlite|ARM.ActiveCfg = Debug|ARM
		{49077DBF-E363-4D2D-8334-636569A771B6}.Release.vs2015.MT-sqlite|Win32.ActiveCfg = Debug|ARM
		{49077DBF-E363-4D2D-8334-636569A771B6}.Release.vs2015.MT-sqlite|x64.ActiveCfg = Debug|ARM
		{49077DBF-E363-4D2D-8334-636569A771B6}.Release|ARM.ActiveCfg = Release|ARM
		{49077DBF-E363-4D2D-8334-636569A771B6}.Release|ARM.Build.0 = Release|ARM
		{49077DBF-E363-4D2D-8334-636569A771B6}.Release|Win32.ActiveCfg = Release|Win32
		{49077DBF-E363-4D2D-8334-636569A771B6}.Release|x64.ActiveCfg = Release|x64
		{DC91621E-A203-42DF-8E03-3A23DD0602B1}.Debug.vs2015.MT-sqlite|ARM.ActiveCfg = Release|x64
		{DC91621E-A203-42DF-8E03-3A23DD0602B1}.Debug.vs2015.MT-sqlite|Win32.ActiveCfg = Release|x64
		{DC91621E-A203-42DF-8E03-3A23DD0602B1}.Debug.vs2015.MT-sqlite|x64.ActiveCfg = Release|x64
		{DC91621E-A203-42DF-8E03-3A23DD0602B1}.Debug|ARM.ActiveCfg = Debug|x64
		{DC91621E-A203-42DF-8E03-3A23DD0602B1}.Debug|Win32.ActiveCfg = Debug|Win32
		{DC91621E-A203-42DF-8E03-3A23DD0602B1}.Debug|x64.ActiveCfg = Debug|x64
		{DC91621E-A203-42DF-8E03-3A23DD0602B1}.Release.vs2015.MT-sqlite|ARM.ActiveCfg = Release|x64
		{DC91621E-A203-42DF-8E03-3A23DD0602B1}.Release.vs2015.MT-sqlite|Win32.ActiveCfg = Release|x64
		{DC91621E-A203-42DF-8E03-3A23DD0602B1}.Release.vs2015.MT-sqlite|x64.ActiveCfg = Release|x64
		{DC91621E-A203-42DF-8E03-3A23DD0602B1}.Release|ARM.ActiveCfg = Release|x64
		{DC91621E-A203-42DF-8E03-3A23DD0602B1}.Release|Win32.ActiveCfg = Release|Win32
		{DC91621E-A203-42DF-8E03-3A23DD0602B1}.Release|x64.ActiveCfg = Release|x64
		{DC91621E-A203-42DF-8E03-3A23DD0602B1}.Release|x64.Build.0 = Release|x64
		{34681F0D-CE45-415D-B5F2-5C662DFE3BD5}.Debug.vs2015.MT-sqlite|ARM.ActiveCfg = Release|x64
		{34681F0D-CE45-415D-B5F2-5C662DFE3BD5}.Debug.vs2015.MT-sqlite|ARM.Deploy.0 = Release|x64
		{34681F0D-CE45-415D-B5F2-5C662DFE3BD5}.Debug.vs2015.MT-sqlite|Win32.ActiveCfg = Release|x64
		{34681F0D-CE45-415D-B5F2-5C662DFE3BD5}.Debug.vs2015.MT-sqlite|Win32.Deploy.0 = Debug|Win32
		{34681F0D-CE45-415D-B5F2-5C662DFE3BD5}.Debug.vs2015.MT-sqlite|x64.ActiveCfg = Release|x64
		{34681F0D-CE45-415D-B5F2-5C662DFE3BD5}.Debug.vs2015.MT-sqlite|x64.Deploy.0 = Debug|x64
		{34681F0D-CE45-415D-B5F2-5C662DFE3BD5}.Debug|ARM.ActiveCfg = Debug|x64
		{34681F0D-CE45-415D-B5F2-5C662DFE3BD5}.Debug|Win32.ActiveCfg = Debug|Win32
		{34681F0D-CE45-415D-B5F2-5C662DFE3BD5}.Debug|x64.ActiveCfg = Debug|x64
		{34681F0D-CE45-415D-B5F2-5C662DFE3BD5}.Release.vs2015.MT-sqlite|ARM.ActiveCfg = Release|x64
		{34681F0D-CE45-415D-B5F2-5C662DFE3BD5}.Release.vs2015.MT-sqlite|ARM.Deploy.0 = Release|x64
		{34681F0D-CE45-415D-B5F2-5C662DFE3BD5}.Release.vs2015.MT-sqlite|Win32.ActiveCfg = Release|x64
		{34681F0D-CE45-415D-B5F2-5C662DFE3BD5}.Release.vs2015.MT-sqlite|Win32.Deploy.0 = Release|Win32
		{34681F0D-CE45-415D-B5F2-5C662DFE3BD5}.Release.vs2015.MT-sqlite|x64.ActiveCfg = Release|x64
		{34681F0D-CE45-415D-B5F2-5C662DFE3BD5}.Release.vs2015.MT-sqlite|x64.Deploy.0 = Release|x64
		{34681F0D-CE45-415D-B5F2-5C662DFE3BD5}.Release|ARM.ActiveCfg = Release|x64
		{34681F0D-CE45-415D-B5F2-5C662DFE3BD5}.Release|Win32.ActiveCfg = Release|Win32
		{34681F0D-CE45-415D-B5F2-5C662DFE3BD5}.Release|x64.ActiveCfg = Release|x64
		{34681F0D-CE45-415D-B5F2-5C662DFE3BD5}.Release|x64.Build.0 = Release|x64
		{C8F6C172-56F2-4E76-B5FA-C3B423B31BE7}.Debug.vs2015.MT-sqlite|ARM.ActiveCfg = Release|x64
		{C8F6C172-56F2-4E76-B5FA-C3B423B31BE7}.Debug.vs2015.MT-sqlite|ARM.Deploy.0 = Release|x64
		{C8F6C172-56F2-4E76-B5FA-C3B423B31BE7}.Debug.vs2015.MT-sqlite|Win32.ActiveCfg = Release|x64
		{C8F6C172-56F2-4E76-B5FA-C3B423B31BE7}.Debug.vs2015.MT-sqlite|Win32.Deploy.0 = Debug|Win32
		{C8F6C172-56F2-4E76-B5FA-C3B423B31BE7}.Debug.vs2015.MT-sqlite|x64.ActiveCfg = Release|x64
		{C8F6C172-56F2-4E76-B5FA-C3B423B31BE7}.Debug.vs2015.MT-sqlite|x64.Deploy.0 = Debug|x64
		{C8F6C172-56F2-4E76-B5FA-C3B423B31BE7}.Debug|ARM.ActiveCfg = Debug|x64
		{C8F6C172-56F2-4E76-B5FA-C3B423B31BE7}.Debug|Win32.ActiveCfg = Debug|Win32
		{C8F6C172-56F2-4E76-B5FA-C3B423B31BE7}.Debug|x64.ActiveCfg = Debug|x64
		{C8F6C172-56F2-4E76-B5FA-C3B423B31BE7}.Release.vs2015.MT-sqlite|ARM.ActiveCfg = Release|x64
		{C8F6C172-56F2-4E76-B5FA-C3B423B31BE7}.Release.vs2015.MT-sqlite|ARM.Deploy.0 = Release|x64
		{C8F6C172-56F2-4E76-B5FA-C3B423B31BE7}.Release.vs2015.MT-sqlite|Win32.ActiveCfg = Release|x64
		{C8F6C172-56F2-4E76-B5FA-C3B423B31BE7}.Release.vs2015.MT-sqlite|Win32.Deploy.0 = Release|Win32
		{C8F6C172-56F2-4E76-B5FA-C3B423B31BE7}.Release.vs2015.MT-sqlite|x64.ActiveCfg = Release|x64
		{C8F6C172-56F2-4E76-B5FA-C3B423B31BE7}.Release.vs2015.MT-sqlite|x64.Deploy.0 = Release|x64
		{C8F6C172-56F2-4E76-B5FA-C3B423B31BE7}.Release|ARM.ActiveCfg = Release|x64
		{C8F6C172-56F2-4E76-B5FA-C3B423B31BE7}.Release|Win32.ActiveCfg = Release|Win32
		{C8F6C172-56F2-4E76-B5FA-C3B423B31BE7}.Release|x64.ActiveCfg = Release|x64
		{C8F6C172-56F2-4E76-B5FA-C3B423B31BE7}.Release|x64.Build.0 = Release|x64
		{6883A688-89F5-424A-9BFA-50D42F691B29}.Debug.vs2015.MT-sqlite|ARM.ActiveCfg = Debug|ARM
		{6883A688-89F5-424A-9BFA-50D42F691B29}.Debug.vs2015.MT-sqlite|Win32.ActiveCfg = Debug|ARM
		{6883A688-89F5-424A-9BFA-50D42F691B29}.Debug.vs2015.MT-sqlite|x64.ActiveCfg = Debug|ARM
		{6883A688-89F5-424A-9BFA-50D42F691B29}.Debug|ARM.ActiveCfg = Debug|ARM
		{6883A688-89F5-424A-9BFA-50D42F691B29}.Debug|ARM.Build.0 = Debug|ARM
		{6883A688-89F5-424A-9BFA-50D42F691B29}.Debug|Win32.ActiveCfg = Debug|Win32
		{6883A688-89F5-424A-9BFA-50D42F691B29}.Debug|x64.ActiveCfg = Debug|x64
		{6883A688-89F5-424A-9BFA-50D42F691B29}.Release.vs2015.MT-sqlite|ARM.ActiveCfg = Debug|ARM
		{6883A688-89F5-424A-9BFA-50D42F691B29}.Release.vs2015.MT-sqlite|Win32.ActiveCfg = Debug|ARM
		{6883A688-89F5-424A-9BFA-50D42F691B29}.Release.vs2015.MT-sqlite|x64.ActiveCfg = Debug|ARM
		{6883A688-89F5-424A-9BFA-50D42F691B29}.Release|ARM.ActiveCfg = Release|ARM
		{6883A688-89F5-424A-9BFA-50D42F691B29}.Release|ARM.Build.0 = Release|ARM
		{6883A688-89F5-424A-9BFA-50D42F691B29}.Release|Win32.ActiveCfg = Release|Win32
		{6883A688-89F5-424A-9BFA-50D42F691B29}.Release|x64.ActiveCfg = Release|x64
		{8FD826F8-3739-44E6-8CC8-997122E53B8D}.Debug.vs2015.MT-sqlite|ARM.ActiveCfg = Debug|ARM
		{8FD826F8-3739-44E6-8CC8-997122E53B8D}.Debug.vs2015.MT-sqlite|Win32.ActiveCfg = Debug|ARM
		{8FD826F8-3739-44E6-8CC8-997122E53B8D}.Debug.vs2015.MT-sqlite|Win32.Build.0 = Debug|Win32
		{8FD826F8-3739-44E6-8CC8-997122E53B8D}.Debug.vs2015.MT-sqlite|x64.ActiveCfg = Debug|ARM
		{8FD826F8-3739-44E6-8CC8-997122E53B8D}.Debug.vs2015.MT-sqlite|x64.Build.0 = Debug|x64
		{8FD826F8-3739-44E6-8CC8-997122E53B8D}.Debug|ARM.ActiveCfg = Debug|ARM
		{8FD826F8-3739-44E6-8CC8-997122E53B8D}.Debug|ARM.Build.0 = Debug|ARM
		{8FD826F8-3739-44E6-8CC8-997122E53B8D}.Debug|Win32.ActiveCfg = Debug|Win32
		{8FD826F8-3739-44E6-8CC8-997122E53B8D}.Debug|x64.ActiveCfg = Debug|x64
		{8FD826F8-3739-44E6-8CC8-997122E53B8D}.Release.vs2015.MT-sqlite|ARM.ActiveCfg = Debug|ARM
		{8FD826F8-3739-44E6-8CC8-997122E53B8D}.Release.vs2015.MT-sqlite|Win32.ActiveCfg = Debug|ARM
		{8FD826F8-3739-44E6-8CC8-997122E53B8D}.Release.vs2015.MT-sqlite|Win32.Build.0 = ReleaseWithoutAsm|Win32
		{8FD826F8-3739-44E6-8CC8-997122E53B8D}.Release.vs2015.MT-sqlite|x64.ActiveCfg = Debug|ARM
		{8FD826F8-3739-44E6-8CC8-997122E53B8D}.Release.vs2015.MT-sqlite|x64.Build.0 = ReleaseWithoutAsm|x64
		{8FD826F8-3739-44E6-8CC8-997122E53B8D}.Release|ARM.ActiveCfg = Release|ARM
		{8FD826F8-3739-44E6-8CC8-997122E53B8D}.Release|ARM.Build.0 = Release|ARM
		{8FD826F8-3739-44E6-8CC8-997122E53B8D}.Release|Win32.ActiveCfg = Release|Win32
		{8FD826F8-3739-44E6-8CC8-997122E53B8D}.Release|x64.ActiveCfg = Release|x64
		{7A9D3496-DA4E-4D1D-BC83-5527E865B8DF}.Debug.vs2015.MT-sqlite|ARM.ActiveCfg = Release|ARM
		{7A9D3496-DA4E-4D1D-BC83-5527E865B8DF}.Debug.vs2015.MT-sqlite|Win32.ActiveCfg = Debug|Win32
		{7A9D3496-DA4E-4D1D-BC83-5527E865B8DF}.Debug.vs2015.MT-sqlite|Win32.Build.0 = Debug|Win32
		{7A9D3496-DA4E-4D1D-BC83-5527E865B8DF}.Debug.vs2015.MT-sqlite|x64.ActiveCfg = Debug|x64
		{7A9D3496-DA4E-4D1D-BC83-5527E865B8DF}.Debug.vs2015.MT-sqlite|x64.Build.0 = Debug|x64
		{7A9D3496-DA4E-4D1D-BC83-5527E865B8DF}.Debug|ARM.ActiveCfg = Debug|ARM
		{7A9D3496-DA4E-4D1D-BC83-5527E865B8DF}.Debug|Win32.ActiveCfg = Debug|Win32
		{7A9D3496-DA4E-4D1D-BC83-5527E865B8DF}.Debug|Win32.Build.0 = Debug|Win32
		{7A9D3496-DA4E-4D1D-BC83-5527E865B8DF}.Debug|x64.ActiveCfg = Debug|x64
		{7A9D3496-DA4E-4D1D-BC83-5527E865B8DF}.Debug|x64.Build.0 = Debug|x64
		{7A9D3496-DA4E-4D1D-BC83-5527E865B8DF}.Release.vs2015.MT-sqlite|ARM.ActiveCfg = Release|ARM
		{7A9D3496-DA4E-4D1D-BC83-5527E865B8DF}.Release.vs2015.MT-sqlite|Win32.ActiveCfg = Release|Win32
		{7A9D3496-DA4E-4D1D-BC83-5527E865B8DF}.Release.vs2015.MT-sqlite|Win32.Build.0 = Release|Win32
		{7A9D3496-DA4E-4D1D-BC83-5527E865B8DF}.Release.vs2015.MT-sqlite|x64.ActiveCfg = Release|x64
		{7A9D3496-DA4E-4D1D-BC83-5527E865B8DF}.Release.vs2015.MT-sqlite|x64.Build.0 = Release|x64
		{7A9D3496-DA4E-4D1D-BC83-5527E865B8DF}.Release|ARM.ActiveCfg = Release|ARM
		{7A9D3496-DA4E-4D1D-BC83-5527E865B8DF}.Release|Win32.ActiveCfg = Release|Win32
		{7A9D3496-DA4E-4D1D-BC83-5527E865B8DF}.Release|Win32.Build.0 = Release|Win32
		{7A9D3496-DA4E-4D1D-BC83-5527E865B8DF}.Release|x64.ActiveCfg = Release|x64
		{7A9D3496-DA4E-4D1D-BC83-5527E865B8DF}.Release|x64.Build.0 = Release|x64
		{39DBD601-4D79-49F9-AD18-065404DBA273}.Debug.vs2015.MT-sqlite|ARM.ActiveCfg = Debug|ARM
		{39DBD601-4D79-49F9-AD18-065404DBA273}.Debug.vs2015.MT-sqlite|Win32.ActiveCfg = Debug|ARM
		{39DBD601-4D79-49F9-AD18-065404DBA273}.Debug.vs2015.MT-sqlite|Win32.Build.0 = Debug|Win32
		{39DBD601-4D79-49F9-AD18-065404DBA273}.Debug.vs2015.MT-sqlite|Win32.Deploy.0 = Debug|Win32
		{39DBD601-4D79-49F9-AD18-065404DBA273}.Debug.vs2015.MT-sqlite|x64.ActiveCfg = Debug|ARM
		{39DBD601-4D79-49F9-AD18-065404DBA273}.Debug.vs2015.MT-sqlite|x64.Build.0 = Debug|x64
		{39DBD601-4D79-49F9-AD18-065404DBA273}.Debug.vs2015.MT-sqlite|x64.Deploy.0 = Debug|x64
		{39DBD601-4D79-49F9-AD18-065404DBA273}.Debug|ARM.ActiveCfg = Debug|ARM
		{39DBD601-4D79-49F9-AD18-065404DBA273}.Debug|ARM.Build.0 = Debug|ARM
		{39DBD601-4D79-49F9-AD18-065404DBA273}.Debug|ARM.Deploy.0 = Debug|ARM
		{39DBD601-4D79-49F9-AD18-065404DBA273}.Debug|Win32.ActiveCfg = Debug|Win32
		{39DBD601-4D79-49F9-AD18-065404DBA273}.Debug|x64.ActiveCfg = Debug|x64
		{39DBD601-4D79-49F9-AD18-065404DBA273}.Release.vs2015.MT-sqlite|ARM.ActiveCfg = Debug|ARM
		{39DBD601-4D79-49F9-AD18-065404DBA273}.Release.vs2015.MT-sqlite|Win32.ActiveCfg = Debug|ARM
		{39DBD601-4D79-49F9-AD18-065404DBA273}.Release.vs2015.MT-sqlite|Win32.Build.0 = Release|Win32
		{39DBD601-4D79-49F9-AD18-065404DBA273}.Release.vs2015.MT-sqlite|Win32.Deploy.0 = Release|Win32
		{39DBD601-4D79-49F9-AD18-065404DBA273}.Release.vs2015.MT-sqlite|x64.ActiveCfg = Debug|ARM
		{39DBD601-4D79-49F9-AD18-065404DBA273}.Release.vs2015.MT-sqlite|x64.Build.0 = Release|x64
		{39DBD601-4D79-49F9-AD18-065404DBA273}.Release.vs2015.MT-sqlite|x64.Deploy.0 = Release|x64
		{39DBD601-4D79-49F9-AD18-065404DBA273}.Release|ARM.ActiveCfg = Release|ARM
		{39DBD601-4D79-49F9-AD18-065404DBA273}.Release|ARM.Build.0 = Release|ARM
		{39DBD601-4D79-49F9-AD18-065404DBA273}.Release|ARM.Deploy.0 = Release|ARM
		{39DBD601-4D79-49F9-AD18-065404DBA273}.Release|Win32.ActiveCfg = Release|Win32
		{39DBD601-4D79-49F9-AD18-065404DBA273}.Release|x64.ActiveCfg = Release|x64
		{A6CB242F-C3D4-473A-8BC2-95589A794C2A}.Debug.vs2015.MT-sqlite|ARM.ActiveCfg = Release|x64
		{A6CB242F-C3D4-473A-8BC2-95589A794C2A}.Debug.vs2015.MT-sqlite|Win32.ActiveCfg = Release|x64
		{A6CB242F-C3D4-473A-8BC2-95589A794C2A}.Debug.vs2015.MT-sqlite|Win32.Build.0 = Debug|Win32
		{A6CB242F-C3D4-473A-8BC2-95589A794C2A}.Debug.vs2015.MT-sqlite|Win32.Deploy.0 = Debug|Win32
		{A6CB242F-C3D4-473A-8BC2-95589A794C2A}.Debug.vs2015.MT-sqlite|x64.ActiveCfg = Release|x64
		{A6CB242F-C3D4-473A-8BC2-95589A794C2A}.Debug.vs2015.MT-sqlite|x64.Build.0 = Debug|x64
		{A6CB242F-C3D4-473A-8BC2-95589A794C2A}.Debug.vs2015.MT-sqlite|x64.Deploy.0 = Debug|x64
		{A6CB242F-C3D4-473A-8BC2-95589A794C2A}.Debug|ARM.ActiveCfg = Debug|x64
		{A6CB242F-C3D4-473A-8BC2-95589A794C2A}.Debug|Win32.ActiveCfg = Debug|Win32
		{A6CB242F-C3D4-473A-8BC2-95589A794C2A}.Debug|x64.ActiveCfg = Debug|x64
		{A6CB242F-C3D4-473A-8BC2-95589A794C2A}.Release.vs2015.MT-sqlite|ARM.ActiveCfg = Release|x64
		{A6CB242F-C3D4-473A-8BC2-95589A794C2A}.Release.vs2015.MT-sqlite|Win32.ActiveCfg = Release|x64
		{A6CB242F-C3D4-473A-8BC2-95589A794C2A}.Release.vs2015.MT-sqlite|Win32.Build.0 = Release|Win32
		{A6CB242F-C3D4-473A-8BC2-95589A794C2A}.Release.vs2015.MT-sqlite|Win32.Deploy.0 = Release|Win32
		{A6CB242F-C3D4-473A-8BC2-95589A794C2A}.Release.vs2015.MT-sqlite|x64.ActiveCfg = Release|x64
		{A6CB242F-C3D4-473A-8BC2-95589A794C2A}.Release.vs2015.MT-sqlite|x64.Build.0 = Release|x64
		{A6CB242F-C3D4-473A-8BC2-95589A794C2A}.Release.vs2015.MT-sqlite|x64.Deploy.0 = Release|x64
		{A6CB242F-C3D4-473A-8BC2-95589A794C2A}.Release|ARM.ActiveCfg = Release|x64
		{A6CB242F-C3D4-473A-8BC2-95589A794C2A}.Release|Win32.ActiveCfg = Release|Win32
		{A6CB242F-C3D4-473A-8BC2-95589A794C2A}.Release|x64.ActiveCfg = Release|x64
		{A6CB242F-C3D4-473A-8BC2-95589A794C2A}.Release|x64.Build.0 = Release|x64
		{A6CB242F-C3D4-473A-8BC2-95589A794C2A}.Release|x64.Deploy.0 = Release|x64
		{1DC6B38A-B390-34CE-907F-4958807A3D42}.Debug.vs2015.MT-sqlite|ARM.ActiveCfg = Release|x64
		{1DC6B38A-B390-34CE-907F-4958807A3D42}.Debug.vs2015.MT-sqlite|Win32.ActiveCfg = Release|x64
		{1DC6B38A-B390-34CE-907F-4958807A3D42}.Debug.vs2015.MT-sqlite|Win32.Build.0 = Debug|Win32
		{1DC6B38A-B390-34CE-907F-4958807A3D42}.Debug.vs2015.MT-sqlite|x64.ActiveCfg = Release|x64
		{1DC6B38A-B390-34CE-907F-4958807A3D42}.Debug.vs2015.MT-sqlite|x64.Build.0 = Debug|x64
		{1DC6B38A-B390-34CE-907F-4958807A3D42}.Debug|ARM.ActiveCfg = Debug|x64
		{1DC6B38A-B390-34CE-907F-4958807A3D42}.Debug|Win32.ActiveCfg = Debug|Win32
		{1DC6B38A-B390-34CE-907F-4958807A3D42}.Debug|x64.ActiveCfg = Debug|x64
		{1DC6B38A-B390-34CE-907F-4958807A3D42}.Release.vs2015.MT-sqlite|ARM.ActiveCfg = Release|x64
		{1DC6B38A-B390-34CE-907F-4958807A3D42}.Release.vs2015.MT-sqlite|Win32.ActiveCfg = Release|x64
		{1DC6B38A-B390-34CE-907F-4958807A3D42}.Release.vs2015.MT-sqlite|Win32.Build.0 = Release|Win32
		{1DC6B38A-B390-34CE-907F-4958807A3D42}.Release.vs2015.MT-sqlite|x64.ActiveCfg = Release|x64
		{1DC6B38A-B390-34CE-907F-4958807A3D42}.Release.vs2015.MT-sqlite|x64.Build.0 = Release|x64
		{1DC6B38A-B390-34CE-907F-4958807A3D42}.Release|ARM.ActiveCfg = Release|x64
		{1DC6B38A-B390-34CE-907F-4958807A3D42}.Release|Win32.ActiveCfg = Release|Win32
		{1DC6B38A-B390-34CE-907F-4958807A3D42}.Release|x64.ActiveCfg = Release|x64
		{1DC6B38A-B390-34CE-907F-4958807A3D42}.Release|x64.Build.0 = Release|x64
		{86AC752C-5687-4377-841E-943D9BEEF360}.Debug.vs2015.MT-sqlite|ARM.ActiveCfg = Release|x64
		{86AC752C-5687-4377-841E-943D9BEEF360}.Debug.vs2015.MT-sqlite|Win32.ActiveCfg = Release|x64
		{86AC752C-5687-4377-841E-943D9BEEF360}.Debug.vs2015.MT-sqlite|Win32.Build.0 = Debug|Win32
		{86AC752C-5687-4377-841E-943D9BEEF360}.Debug.vs2015.MT-sqlite|x64.ActiveCfg = Release|x64
		{86AC752C-5687-4377-841E-943D9BEEF360}.Debug.vs2015.MT-sqlite|x64.Build.0 = Debug|x64
		{86AC752C-5687-4377-841E-943D9BEEF360}.Debug|ARM.ActiveCfg = Debug|x64
		{86AC752C-5687-4377-841E-943D9BEEF360}.Debug|Win32.ActiveCfg = Debug|Win32
		{86AC752C-5687-4377-841E-943D9BEEF360}.Debug|x64.ActiveCfg = Debug|x64
		{86AC752C-5687-4377-841E-943D9BEEF360}.Release.vs2015.MT-sqlite|ARM.ActiveCfg = Release|x64
		{86AC752C-5687-4377-841E-943D9BEEF360}.Release.vs2015.MT-sqlite|Win32.ActiveCfg = Release|x64
		{86AC752C-5687-4377-841E-943D9BEEF360}.Release.vs2015.MT-sqlite|Win32.Build.0 = Release|Win32
		{86AC752C-5687-4377-841E-943D9BEEF360}.Release.vs2015.MT-sqlite|x64.ActiveCfg = Release|x64
		{86AC752C-5687-4377-841E-943D9BEEF360}.Release.vs2015.MT-sqlite|x64.Build.0 = Release|x64
		{86AC752C-5687-4377-841E-943D9BEEF360}.Release|ARM.ActiveCfg = Release|x64
		{86AC752C-5687-4377-841E-943D9BEEF360}.Release|Win32.ActiveCfg = Release|Win32
		{86AC752C-5687-4377-841E-943D9BEEF360}.Release|x64.ActiveCfg = Release|x64
		{86AC752C-5687-4377-841E-943D9BEEF360}.Release|x64.Build.0 = Release|x64
		{434C594F-CDE0-3690-AC0A-9ED854B74092}.Debug.vs2015.MT-sqlite|ARM.ActiveCfg = Release|x64
		{434C594F-CDE0-3690-AC0A-9ED854B74092}.Debug.vs2015.MT-sqlite|Win32.ActiveCfg = Release|x64
		{434C594F-CDE0-3690-AC0A-9ED854B74092}.Debug.vs2015.MT-sqlite|Win32.Build.0 = Debug|Win32
		{434C594F-CDE0-3690-AC0A-9ED854B74092}.Debug.vs2015.MT-sqlite|x64.ActiveCfg = Release|x64
		{434C594F-CDE0-3690-AC0A-9ED854B74092}.Debug.vs2015.MT-sqlite|x64.Build.0 = Debug|x64
		{434C594F-CDE0-3690-AC0A-9ED854B74092}.Debug|ARM.ActiveCfg = Debug|x64
		{434C594F-CDE0-3690-AC0A-9ED854B74092}.Debug|Win32.ActiveCfg = Debug|Win32
		{434C594F-CDE0-3690-AC0A-9ED854B74092}.Debug|x64.ActiveCfg = Debug|x64
		{434C594F-CDE0-3690-AC0A-9ED854B74092}.Release.vs2015.MT-sqlite|ARM.ActiveCfg = Release|x64
		{434C594F-CDE0-3690-AC0A-9ED854B74092}.Release.vs2015.MT-sqlite|Win32.ActiveCfg = Release|x64
		{434C594F-CDE0-3690-AC0A-9ED854B74092}.Release.vs2015.MT-sqlite|Win32.Build.0 = Release|Win32
		{434C594F-CDE0-3690-AC0A-9ED854B74092}.Release.vs2015.MT-sqlite|x64.ActiveCfg = Release|x64
		{434C594F-CDE0-3690-AC0A-9ED854B74092}.Release.vs2015.MT-sqlite|x64.Build.0 = Release|x64
		{434C594F-CDE0-3690-AC0A-9ED854B74092}.Release|ARM.ActiveCfg = Release|x64
		{434C594F-CDE0-3690-AC0A-9ED854B74092}.Release|Win32.ActiveCfg = Release|Win32
		{434C594F-CDE0-3690-AC0A-9ED854B74092}.Release|x64.ActiveCfg = Release|x64
		{434C594F-CDE0-3690-AC0A-9ED854B74092}.Release|x64.Build.0 = Release|x64
		{65AFA0E2-F9A2-4309-87E7-E419D59583C1}.Debug.vs2015.MT-sqlite|ARM.ActiveCfg = Release|x64
		{65AFA0E2-F9A2-4309-87E7-E419D59583C1}.Debug.vs2015.MT-sqlite|ARM.Build.0 = Release|x64
		{65AFA0E2-F9A2-4309-87E7-E419D59583C1}.Debug.vs2015.MT-sqlite|Win32.ActiveCfg = Release|x64
		{65AFA0E2-F9A2-4309-87E7-E419D59583C1}.Debug.vs2015.MT-sqlite|Win32.Build.0 = Debug|x86
		{65AFA0E2-F9A2-4309-87E7-E419D59583C1}.Debug.vs2015.MT-sqlite|x64.ActiveCfg = Release|x64
		{65AFA0E2-F9A2-4309-87E7-E419D59583C1}.Debug.vs2015.MT-sqlite|x64.Build.0 = Debug|x64
		{65AFA0E2-F9A2-4309-87E7-E419D59583C1}.Debug|ARM.ActiveCfg = Debug|x64
		{65AFA0E2-F9A2-4309-87E7-E419D59583C1}.Debug|Win32.ActiveCfg = Debug|x86
		{65AFA0E2-F9A2-4309-87E7-E419D59583C1}.Debug|x64.ActiveCfg = Debug|x64
		{65AFA0E2-F9A2-4309-87E7-E419D59583C1}.Release.vs2015.MT-sqlite|ARM.ActiveCfg = Release|x64
		{65AFA0E2-F9A2-4309-87E7-E419D59583C1}.Release.vs2015.MT-sqlite|Win32.ActiveCfg = Release|x64
		{65AFA0E2-F9A2-4309-87E7-E419D59583C1}.Release.vs2015.MT-sqlite|Win32.Build.0 = Release|x86
		{65AFA0E2-F9A2-4309-87E7-E419D59583C1}.Release.vs2015.MT-sqlite|x64.ActiveCfg = Release|x64
		{65AFA0E2-F9A2-4309-87E7-E419D59583C1}.Release.vs2015.MT-sqlite|x64.Build.0 = Release|x64
		{65AFA0E2-F9A2-4309-87E7-E419D59583C1}.Release|ARM.ActiveCfg = Release|x64
		{65AFA0E2-F9A2-4309-87E7-E419D59583C1}.Release|Win32.ActiveCfg = Release|x86
		{65AFA0E2-F9A2-4309-87E7-E419D59583C1}.Release|x64.ActiveCfg = Release|x64
		{65AFA0E2-F9A2-4309-87E7-E419D59583C1}.Release|x64.Build.0 = Release|x64
		{FE79FB3A-B3EF-38DF-B7A4-11277DB72B39}.Debug.vs2015.MT-sqlite|ARM.ActiveCfg = Release|x64
		{FE79FB3A-B3EF-38DF-B7A4-11277DB72B39}.Debug.vs2015.MT-sqlite|Win32.ActiveCfg = Release|x64
		{FE79FB3A-B3EF-38DF-B7A4-11277DB72B39}.Debug.vs2015.MT-sqlite|Win32.Build.0 = Debug|Win32
		{FE79FB3A-B3EF-38DF-B7A4-11277DB72B39}.Debug.vs2015.MT-sqlite|x64.ActiveCfg = Release|x64
		{FE79FB3A-B3EF-38DF-B7A4-11277DB72B39}.Debug.vs2015.MT-sqlite|x64.Build.0 = Debug|x64
		{FE79FB3A-B3EF-38DF-B7A4-11277DB72B39}.Debug|ARM.ActiveCfg = Debug|x64
		{FE79FB3A-B3EF-38DF-B7A4-11277DB72B39}.Debug|Win32.ActiveCfg = Debug|Win32
		{FE79FB3A-B3EF-38DF-B7A4-11277DB72B39}.Debug|x64.ActiveCfg = Debug|x64
		{FE79FB3A-B3EF-38DF-B7A4-11277DB72B39}.Release.vs2015.MT-sqlite|ARM.ActiveCfg = Release|x64
		{FE79FB3A-B3EF-38DF-B7A4-11277DB72B39}.Release.vs2015.MT-sqlite|Win32.ActiveCfg = Release|x64
		{FE79FB3A-B3EF-38DF-B7A4-11277DB72B39}.Release.vs2015.MT-sqlite|Win32.Build.0 = Release|Win32
		{FE79FB3A-B3EF-38DF-B7A4-11277DB72B39}.Release.vs2015.MT-sqlite|x64.ActiveCfg = Release|x64
		{FE79FB3A-B3EF-38DF-B7A4-11277DB72B39}.Release.vs2015.MT-sqlite|x64.Build.0 = Release|x64
		{FE79FB3A-B3EF-38DF-B7A4-11277DB72B39}.Release|ARM.ActiveCfg = Release|x64
		{FE79FB3A-B3EF-38DF-B7A4-11277DB72B39}.Release|Win32.ActiveCfg = Release|Win32
		{FE79FB3A-B3EF-38DF-B7A4-11277DB72B39}.Release|x64.ActiveCfg = Release|x64
		{FE79FB3A-B3EF-38DF-B7A4-11277DB72B39}.Release|x64.Build.0 = Release|x64
		{7A75748D-5D6B-48A5-83CB-F5F439133D59}.Debug.vs2015.MT-sqlite|ARM.ActiveCfg = Debug|ARM
		{7A75748D-5D6B-48A5-83CB-F5F439133D59}.Debug.vs2015.MT-sqlite|Win32.ActiveCfg = Debug|ARM
		{7A75748D-5D6B-48A5-83CB-F5F439133D59}.Debug.vs2015.MT-sqlite|Win32.Build.0 = Debug|Win32
		{7A75748D-5D6B-48A5-83CB-F5F439133D59}.Debug.vs2015.MT-sqlite|x64.ActiveCfg = Debug|ARM
		{7A75748D-5D6B-48A5-83CB-F5F439133D59}.Debug.vs2015.MT-sqlite|x64.Build.0 = Debug|x64
		{7A75748D-5D6B-48A5-83CB-F5F439133D59}.Debug|ARM.ActiveCfg = Debug|ARM
		{7A75748D-5D6B-48A5-83CB-F5F439133D59}.Debug|ARM.Build.0 = Debug|ARM
		{7A75748D-5D6B-48A5-83CB-F5F439133D59}.Debug|Win32.ActiveCfg = Debug|Win32
		{7A75748D-5D6B-48A5-83CB-F5F439133D59}.Debug|x64.ActiveCfg = Debug|x64
		{7A75748D-5D6B-48A5-83CB-F5F439133D59}.Release.vs2015.MT-sqlite|ARM.ActiveCfg = Debug|ARM
		{7A75748D-5D6B-48A5-83CB-F5F439133D59}.Release.vs2015.MT-sqlite|Win32.ActiveCfg = Debug|ARM
		{7A75748D-5D6B-48A5-83CB-F5F439133D59}.Release.vs2015.MT-sqlite|Win32.Build.0 = Release|Win32
		{7A75748D-5D6B-48A5-83CB-F5F439133D59}.Release.vs2015.MT-sqlite|x64.ActiveCfg = Debug|ARM
		{7A75748D-5D6B-48A5-83CB-F5F439133D59}.Release.vs2015.MT-sqlite|x64.Build.0 = Release|x64
		{7A75748D-5D6B-48A5-83CB-F5F439133D59}.Release|ARM.ActiveCfg = Release|ARM
		{7A75748D-5D6B-48A5-83CB-F5F439133D59}.Release|ARM.Build.0 = Release|ARM
		{7A75748D-5D6B-48A5-83CB-F5F439133D59}.Release|Win32.ActiveCfg = Release|Win32
		{7A75748D-5D6B-48A5-83CB-F5F439133D59}.Release|x64.ActiveCfg = Release|x64
		{CBF024BE-35AA-475C-9BEF-D5B96410F66B}.Debug.vs2015.MT-sqlite|ARM.ActiveCfg = Release|x64
		{CBF024BE-35AA-475C-9BEF-D5B96410F66B}.Debug.vs2015.MT-sqlite|ARM.Build.0 = Release|x64
		{CBF024BE-35AA-475C-9BEF-D5B96410F66B}.Debug.vs2015.MT-sqlite|Win32.ActiveCfg = Debug|Win32
		{CBF024BE-35AA-475C-9BEF-D5B96410F66B}.Debug.vs2015.MT-sqlite|Win32.Build.0 = Debug|Win32
		{CBF024BE-35AA-475C-9BEF-D5B96410F66B}.Debug.vs2015.MT-sqlite|x64.ActiveCfg = Debug|x64
		{CBF024BE-35AA-475C-9BEF-D5B96410F66B}.Debug.vs2015.MT-sqlite|x64.Build.0 = Debug|x64
		{CBF024BE-35AA-475C-9BEF-D5B96410F66B}.Debug|ARM.ActiveCfg = Debug|Win32
		{CBF024BE-35AA-475C-9BEF-D5B96410F66B}.Debug|Win32.ActiveCfg = Debug|Win32
		{CBF024BE-35AA-475C-9BEF-D5B96410F66B}.Debug|Win32.Build.0 = Debug|Win32
		{CBF024BE-35AA-475C-9BEF-D5B96410F66B}.Debug|x64.ActiveCfg = Debug|x64
		{CBF024BE-35AA-475C-9BEF-D5B96410F66B}.Debug|x64.Build.0 = Debug|x64
		{CBF024BE-35AA-475C-9BEF-D5B96410F66B}.Release.vs2015.MT-sqlite|ARM.ActiveCfg = Release|x64
		{CBF024BE-35AA-475C-9BEF-D5B96410F66B}.Release.vs2015.MT-sqlite|ARM.Build.0 = Release|x64
		{CBF024BE-35AA-475C-9BEF-D5B96410F66B}.Release.vs2015.MT-sqlite|Win32.ActiveCfg = Release|Win32
		{CBF024BE-35AA-475C-9BEF-D5B96410F66B}.Release.vs2015.MT-sqlite|Win32.Build.0 = Release|Win32
		{CBF024BE-35AA-475C-9BEF-D5B96410F66B}.Release.vs2015.MT-sqlite|x64.ActiveCfg = Release|x64
		{CBF024BE-35AA-475C-9BEF-D5B96410F66B}.Release.vs2015.MT-sqlite|x64.Build.0 = Release|x64
		{CBF024BE-35AA-475C-9BEF-D5B96410F66B}.Release|ARM.ActiveCfg = Release|Win32
		{CBF024BE-35AA-475C-9BEF-D5B96410F66B}.Release|Win32.ActiveCfg = Release|Win32
		{CBF024BE-35AA-475C-9BEF-D5B96410F66B}.Release|Win32.Build.0 = Release|Win32
		{CBF024BE-35AA-475C-9BEF-D5B96410F66B}.Release|x64.ActiveCfg = Release|x64
		{CBF024BE-35AA-475C-9BEF-D5B96410F66B}.Release|x64.Build.0 = Release|x64
	EndGlobalSection
	GlobalSection(SolutionProperties) = preSolution
		HideSolutionNode = FALSE
	EndGlobalSection
	GlobalSection(NestedProjects) = preSolution
		{10E9165B-49D1-4D1C-8248-334B9905B9CD} = {34B3E59D-E740-4C23-ACEE-E94C80E83A18}
		{10E9165B-49D1-4D1C-8248-334B9905B9CC} = {34B3E59D-E740-4C23-ACEE-E94C80E83A18}
		{5803295C-975F-43E5-A962-289153C0D6E4} = {250EFB82-2F0E-4781-94BB-8313201ABDF0}
		{34681F0D-CE45-415D-B5F2-5C662DFE3BD5} = {A176E75D-5470-4D6E-A409-BDC950BE3AC4}
		{C8F6C172-56F2-4E76-B5FA-C3B423B31BE7} = {A176E75D-5470-4D6E-A409-BDC950BE3AC4}
		{7A9D3496-DA4E-4D1D-BC83-5527E865B8DF} = {EB2950D7-DF24-4079-BF8B-29338DD602A0}
		{39DBD601-4D79-49F9-AD18-065404DBA273} = {250EFB82-2F0E-4781-94BB-8313201ABDF0}
		{A6CB242F-C3D4-473A-8BC2-95589A794C2A} = {250EFB82-2F0E-4781-94BB-8313201ABDF0}
		{EF859326-2A11-481C-AE8C-03D754F1C412} = {34B3E59D-E740-4C23-ACEE-E94C80E83A18}
		{86AC752C-5687-4377-841E-943D9BEEF360} = {250EFB82-2F0E-4781-94BB-8313201ABDF0}
		{434C594F-CDE0-3690-AC0A-9ED854B74092} = {A176E75D-5470-4D6E-A409-BDC950BE3AC4}
		{65AFA0E2-F9A2-4309-87E7-E419D59583C1} = {250EFB82-2F0E-4781-94BB-8313201ABDF0}
		{FE79FB3A-B3EF-38DF-B7A4-11277DB72B39} = {A176E75D-5470-4D6E-A409-BDC950BE3AC4}
		{CBF024BE-35AA-475C-9BEF-D5B96410F66B} = {250EFB82-2F0E-4781-94BB-8313201ABDF0}
	EndGlobalSection
	GlobalSection(ExtensibilityGlobals) = postSolution
		SolutionGuid = {7EE8585B-C10F-4DAC-BDAF-3726EDF8FCD7}
	EndGlobalSection
EndGlobal
