<?xml version="1.0" encoding="UTF-8"?>
<Project ToolsVersion="14.0" xmlns="http://schemas.microsoft.com/developer/msbuild/2003">
  <ItemGroup>
    <CustomBuild Include="C:\ASGVSO\CPP1\Aria.SDK.C\Aria.SDK.NewC\Solutions\CMakeFiles\7c9db71a75a723eab21de068129119ce\generate.stamp.rule">
      <Filter>CMake Rules</Filter>
    </CustomBuild>
  </ItemGroup>
  <ItemGroup>
    <Filter Include="CMake Rules">
      <UniqueIdentifier>{77D059C2-20E7-349D-A6B5-340CC3BA5AC2}</UniqueIdentifier>
    </Filter>
  </ItemGroup>
</Project>
