<?xml version="1.0" encoding="utf-8"?>
<Project ToolsVersion="14.0" xmlns="http://schemas.microsoft.com/developer/msbuild/2003">
  <ItemGroup>
    <ClInclude Include="$(MSBuildThisFileDirectory)..\..\http\HttpClient_WinInet.hpp" />
  </ItemGroup>
  <ItemGroup>
    <ClCompile Include="$(MSBuildThisFileDirectory)WindowsDesktopDeviceInformationImpl.cpp" />
    <ClCompile Include="$(MSBuildThisFileDirectory)WindowsDesktopNetworkInformationImpl.cpp" />
    <ClCompile Include="$(MSBuildThisFileDirectory)WindowsDesktopSystemInformationImpl.cpp" />
    <ClCompile Include="$(MSBuildThisFileDirectory)NetworkDetector.cpp" />
    <ClCompile Include="$(MSBuildThisFileDirectory)..\..\http\HttpClient_WinInet.cpp" />
  </ItemGroup>
  <ItemGroup Condition="exists('$(MSBuildThisFileDirectory)..\..\modules\utc\')">
    <ClCompile Include="$(MSBuildThisFileDirectory)..\..\modules\utc\desktop\UtcHelpers.cpp" />
    <ClCompile Include="$(MSBuildThisFileDirectory)..\..\modules\utc\UtcTelemetrySystem.cpp" />
  </ItemGroup>
</Project>