// !$*UTF8*$!
{
	archiveVersion = 1;
	classes = {
	};
	objectVersion = 56;
	objects = {

/* Begin PBXBuildFile section */
		2711D2652A45438A000712BD /* SwiftWrapperExampleApp.swift in Sources */ = {isa = PBXBuildFile; fileRef = 2711D2642A45438A000712BD /* SwiftWrapperExampleApp.swift */; };
		2711D2672A45438A000712BD /* ContentView.swift in Sources */ = {isa = PBXBuildFile; fileRef = 2711D2662A45438A000712BD /* ContentView.swift */; };
		2711D2692A45438C000712BD /* Assets.xcassets in Resources */ = {isa = PBXBuildFile; fileRef = 2711D2682A45438C000712BD /* Assets.xcassets */; };
		2711D26D2A45438C000712BD /* Preview Assets.xcassets in Resources */ = {isa = PBXBuildFile; fileRef = 2711D26C2A45438C000712BD /* Preview Assets.xcassets */; };
		A34744202A4642300039D419 /* OneDSSwift in Frameworks */ = {isa = PBXBuildFile; productRef = A347441F2A4642300039D419 /* OneDSSwift */; };
		A34744242A4643B20039D419 /* libmat.a in Frameworks */ = {isa = PBXBuildFile; fileRef = A34744232A4643B20039D419 /* libmat.a */; };
		A34744262A4643FE0039D419 /* libsqlite3.a in Frameworks */ = {isa = PBXBuildFile; fileRef = A34744252A4643FE0039D419 /* libsqlite3.a */; };
		A34744282A46440F0039D419 /* SystemConfiguration.framework in Frameworks */ = {isa = PBXBuildFile; fileRef = A34744272A46440F0039D419 /* SystemConfiguration.framework */; };
		A347442A2A46441A0039D419 /* Network.framework in Frameworks */ = {isa = PBXBuildFile; fileRef = A34744292A46441A0039D419 /* Network.framework */; };
		A347442C2A46442C0039D419 /* libz.tbd in Frameworks */ = {isa = PBXBuildFile; fileRef = A347442B2A46442C0039D419 /* libz.tbd */; };
/* End PBXBuildFile section */

/* Begin PBXFileReference section */
		2711D2612A45438A000712BD /* SwiftWrapperApp.app */ = {isa = PBXFileReference; explicitFileType = wrapper.application; includeInIndex = 0; path = SwiftWrapperApp.app; sourceTree = BUILT_PRODUCTS_DIR; };
		2711D2642A45438A000712BD /* SwiftWrapperExampleApp.swift */ = {isa = PBXFileReference; lastKnownFileType = sourcecode.swift; path = SwiftWrapperExampleApp.swift; sourceTree = "<group>"; };
		2711D2662A45438A000712BD /* ContentView.swift */ = {isa = PBXFileReference; lastKnownFileType = sourcecode.swift; path = ContentView.swift; sourceTree = "<group>"; };
		2711D2682A45438C000712BD /* Assets.xcassets */ = {isa = PBXFileReference; lastKnownFileType = folder.assetcatalog; path = Assets.xcassets; sourceTree = "<group>"; };
		2711D26A2A45438C000712BD /* SwiftWrapperApp.entitlements */ = {isa = PBXFileReference; lastKnownFileType = text.plist.entitlements; path = SwiftWrapperApp.entitlements; sourceTree = "<group>"; };
		2711D26C2A45438C000712BD /* Preview Assets.xcassets */ = {isa = PBXFileReference; lastKnownFileType = folder.assetcatalog; path = "Preview Assets.xcassets"; sourceTree = "<group>"; };
		2711D2732A45452E000712BD /* Info.plist */ = {isa = PBXFileReference; lastKnownFileType = text.plist; path = Info.plist; sourceTree = "<group>"; };
		277E76FF2A45FE4D004A3A8F /* swift */ = {isa = PBXFileReference; lastKnownFileType = wrapper; name = swift; path = ../../../wrappers/swift; sourceTree = "<group>"; };
		A34744232A4643B20039D419 /* libmat.a */ = {isa = PBXFileReference; lastKnownFileType = archive.ar; name = libmat.a; path = /usr/local/lib/libmat.a; sourceTree = "<group>"; };
		A34744252A4643FE0039D419 /* libsqlite3.a */ = {isa = PBXFileReference; lastKnownFileType = archive.ar; name = libsqlite3.a; path = /usr/local/lib/libsqlite3.a; sourceTree = "<group>"; };
		A34744272A46440F0039D419 /* SystemConfiguration.framework */ = {isa = PBXFileReference; lastKnownFileType = wrapper.framework; name = SystemConfiguration.framework; path = Platforms/iPhoneOS.platform/Developer/SDKs/iPhoneOS16.4.sdk/System/Library/Frameworks/SystemConfiguration.framework; sourceTree = DEVELOPER_DIR; };
		A34744292A46441A0039D419 /* Network.framework */ = {isa = PBXFileReference; lastKnownFileType = wrapper.framework; name = Network.framework; path = Platforms/iPhoneOS.platform/Developer/SDKs/iPhoneOS16.4.sdk/System/Library/Frameworks/Network.framework; sourceTree = DEVELOPER_DIR; };
		A347442B2A46442C0039D419 /* libz.tbd */ = {isa = PBXFileReference; lastKnownFileType = "sourcecode.text-based-dylib-definition"; name = libz.tbd; path = Platforms/iPhoneOS.platform/Developer/SDKs/iPhoneOS16.4.sdk/usr/lib/libz.tbd; sourceTree = DEVELOPER_DIR; };
/* End PBXFileReference section */

/* Begin PBXFrameworksBuildPhase section */
		2711D25E2A45438A000712BD /* Frameworks */ = {
			isa = PBXFrameworksBuildPhase;
			buildActionMask = 2147483647;
			files = (
				A347442C2A46442C0039D419 /* libz.tbd in Frameworks */,
				A347442A2A46441A0039D419 /* Network.framework in Frameworks */,
				A34744282A46440F0039D419 /* SystemConfiguration.framework in Frameworks */,
				A34744202A4642300039D419 /* OneDSSwift in Frameworks */,
				A34744242A4643B20039D419 /* libmat.a in Frameworks */,
				A34744262A4643FE0039D419 /* libsqlite3.a in Frameworks */,
			);
			runOnlyForDeploymentPostprocessing = 0;
		};
/* End PBXFrameworksBuildPhase section */

/* Begin PBXGroup section */
		2711D2582A45438A000712BD = {
			isa = PBXGroup;
			children = (
				277E76FE2A45FE4D004A3A8F /* Packages */,
				2711D2632A45438A000712BD /* SwiftWrapperApp */,
				2711D2622A45438A000712BD /* Products */,
				A347441E2A4642300039D419 /* Frameworks */,
			);
			sourceTree = "<group>";
		};
		2711D2622A45438A000712BD /* Products */ = {
			isa = PBXGroup;
			children = (
				2711D2612A45438A000712BD /* SwiftWrapperApp.app */,
			);
			name = Products;
			sourceTree = "<group>";
		};
		2711D2632A45438A000712BD /* SwiftWrapperApp */ = {
			isa = PBXGroup;
			children = (
				2711D2732A45452E000712BD /* Info.plist */,
				2711D2642A45438A000712BD /* SwiftWrapperExampleApp.swift */,
				2711D2662A45438A000712BD /* ContentView.swift */,
				2711D2682A45438C000712BD /* Assets.xcassets */,
				2711D26A2A45438C000712BD /* SwiftWrapperApp.entitlements */,
				2711D26B2A45438C000712BD /* Preview Content */,
			);
			path = SwiftWrapperApp;
			sourceTree = "<group>";
		};
		2711D26B2A45438C000712BD /* Preview Content */ = {
			isa = PBXGroup;
			children = (
				2711D26C2A45438C000712BD /* Preview Assets.xcassets */,
			);
			path = "Preview Content";
			sourceTree = "<group>";
		};
		277E76FE2A45FE4D004A3A8F /* Packages */ = {
			isa = PBXGroup;
			children = (
				277E76FF2A45FE4D004A3A8F /* swift */,
			);
			name = Packages;
			sourceTree = "<group>";
		};
		A347441E2A4642300039D419 /* Frameworks */ = {
			isa = PBXGroup;
			children = (
				A347442B2A46442C0039D419 /* libz.tbd */,
				A34744292A46441A0039D419 /* Network.framework */,
				A34744272A46440F0039D419 /* SystemConfiguration.framework */,
				A34744252A4643FE0039D419 /* libsqlite3.a */,
				A34744232A4643B20039D419 /* libmat.a */,
			);
			name = Frameworks;
			sourceTree = "<group>";
		};
/* End PBXGroup section */

/* Begin PBXNativeTarget section */
		2711D2602A45438A000712BD /* SwiftWrapperApp */ = {
			isa = PBXNativeTarget;
			buildConfigurationList = 2711D2702A45438C000712BD /* Build configuration list for PBXNativeTarget "SwiftWrapperApp" */;
			buildPhases = (
				2711D25D2A45438A000712BD /* Sources */,
				2711D25E2A45438A000712BD /* Frameworks */,
				2711D25F2A45438A000712BD /* Resources */,
			);
			buildRules = (
			);
			dependencies = (
				277E77012A460B83004A3A8F /* PBXTargetDependency */,
			);
			name = SwiftWrapperApp;
			packageProductDependencies = (
				A347441F2A4642300039D419 /* OneDSSwift */,
			);
			productName = SwiftWrapperApp;
			productReference = 2711D2612A45438A000712BD /* SwiftWrapperApp.app */;
			productType = "com.apple.product-type.application";
		};
/* End PBXNativeTarget section */

/* Begin PBXProject section */
		2711D2592A45438A000712BD /* Project object */ = {
			isa = PBXProject;
			attributes = {
				BuildIndependentTargetsInParallel = 1;
				LastSwiftUpdateCheck = 1430;
				LastUpgradeCheck = 1430;
				TargetAttributes = {
					2711D2602A45438A000712BD = {
						CreatedOnToolsVersion = 14.3;
					};
				};
			};
			buildConfigurationList = 2711D25C2A45438A000712BD /* Build configuration list for PBXProject "SwiftWrapperApp" */;
			compatibilityVersion = "Xcode 14.0";
			developmentRegion = en;
			hasScannedForEncodings = 0;
			knownRegions = (
				en,
				Base,
			);
			mainGroup = 2711D2582A45438A000712BD;
			productRefGroup = 2711D2622A45438A000712BD /* Products */;
			projectDirPath = "";
			projectRoot = "";
			targets = (
				2711D2602A45438A000712BD /* SwiftWrapperApp */,
			);
		};
/* End PBXProject section */

/* Begin PBXResourcesBuildPhase section */
		2711D25F2A45438A000712BD /* Resources */ = {
			isa = PBXResourcesBuildPhase;
			buildActionMask = 2147483647;
			files = (
				2711D26D2A45438C000712BD /* Preview Assets.xcassets in Resources */,
				2711D2692A45438C000712BD /* Assets.xcassets in Resources */,
			);
			runOnlyForDeploymentPostprocessing = 0;
		};
/* End PBXResourcesBuildPhase section */

/* Begin PBXSourcesBuildPhase section */
		2711D25D2A45438A000712BD /* Sources */ = {
			isa = PBXSourcesBuildPhase;
			buildActionMask = 2147483647;
			files = (
				2711D2672A45438A000712BD /* ContentView.swift in Sources */,
				2711D2652A45438A000712BD /* SwiftWrapperExampleApp.swift in Sources */,
			);
			runOnlyForDeploymentPostprocessing = 0;
		};
/* End PBXSourcesBuildPhase section */

/* Begin PBXTargetDependency section */
		277E77012A460B83004A3A8F /* PBXTargetDependency */ = {
			isa = PBXTargetDependency;
			productRef = 277E77002A460B83004A3A8F /* OneDSSwift */;
		};
/* End PBXTargetDependency section */

/* Begin XCBuildConfiguration section */
		2711D26E2A45438C000712BD /* Debug */ = {
			isa = XCBuildConfiguration;
			buildSettings = {
				ALWAYS_SEARCH_USER_PATHS = NO;
				CLANG_ANALYZER_NONNULL = YES;
				CLANG_ANALYZER_NUMBER_OBJECT_CONVERSION = YES_AGGRESSIVE;
				CLANG_CXX_LANGUAGE_STANDARD = "gnu++20";
				CLANG_ENABLE_MODULES = YES;
				CLANG_ENABLE_OBJC_ARC = YES;
				CLANG_ENABLE_OBJC_WEAK = YES;
				CLANG_WARN_BLOCK_CAPTURE_AUTORELEASING = YES;
				CLANG_WARN_BOOL_CONVERSION = YES;
				CLANG_WARN_COMMA = YES;
				CLANG_WARN_CONSTANT_CONVERSION = YES;
				CLANG_WARN_DEPRECATED_OBJC_IMPLEMENTATIONS = YES;
				CLANG_WARN_DIRECT_OBJC_ISA_USAGE = YES_ERROR;
				CLANG_WARN_DOCUMENTATION_COMMENTS = YES;
				CLANG_WARN_EMPTY_BODY = YES;
				CLANG_WARN_ENUM_CONVERSION = YES;
				CLANG_WARN_INFINITE_RECURSION = YES;
				CLANG_WARN_INT_CONVERSION = YES;
				CLANG_WARN_NON_LITERAL_NULL_CONVERSION = YES;
				CLANG_WARN_OBJC_IMPLICIT_RETAIN_SELF = YES;
				CLANG_WARN_OBJC_LITERAL_CONVERSION = YES;
				CLANG_WARN_OBJC_ROOT_CLASS = YES_ERROR;
				CLANG_WARN_QUOTED_INCLUDE_IN_FRAMEWORK_HEADER = YES;
				CLANG_WARN_RANGE_LOOP_ANALYSIS = YES;
				CLANG_WARN_STRICT_PROTOTYPES = YES;
				CLANG_WARN_SUSPICIOUS_MOVE = YES;
				CLANG_WARN_UNGUARDED_AVAILABILITY = YES_AGGRESSIVE;
				CLANG_WARN_UNREACHABLE_CODE = YES;
				CLANG_WARN__DUPLICATE_METHOD_MATCH = YES;
				COPY_PHASE_STRIP = NO;
				DEBUG_INFORMATION_FORMAT = dwarf;
				ENABLE_STRICT_OBJC_MSGSEND = YES;
				ENABLE_TESTABILITY = YES;
				GCC_C_LANGUAGE_STANDARD = gnu11;
				GCC_DYNAMIC_NO_PIC = NO;
				GCC_NO_COMMON_BLOCKS = YES;
				GCC_OPTIMIZATION_LEVEL = 0;
				GCC_PREPROCESSOR_DEFINITIONS = (
					"DEBUG=1",
					"$(inherited)",
				);
				GCC_WARN_64_TO_32_BIT_CONVERSION = YES;
				GCC_WARN_ABOUT_RETURN_TYPE = YES_ERROR;
				GCC_WARN_UNDECLARED_SELECTOR = YES;
				GCC_WARN_UNINITIALIZED_AUTOS = YES_AGGRESSIVE;
				GCC_WARN_UNUSED_FUNCTION = YES;
				GCC_WARN_UNUSED_VARIABLE = YES;
				MTL_ENABLE_DEBUG_INFO = INCLUDE_SOURCE;
				MTL_FAST_MATH = YES;
				ONLY_ACTIVE_ARCH = YES;
				SWIFT_ACTIVE_COMPILATION_CONDITIONS = DEBUG;
				SWIFT_INCLUDE_PATHS = "";
				"SWIFT_INCLUDE_PATHS[arch=*]" = ../../../wrappers/swift/Modules/;
				SWIFT_OPTIMIZATION_LEVEL = "-Onone";
			};
			name = Debug;
		};
		2711D26F2A45438C000712BD /* Release */ = {
			isa = XCBuildConfiguration;
			buildSettings = {
				ALWAYS_SEARCH_USER_PATHS = NO;
				CLANG_ANALYZER_NONNULL = YES;
				CLANG_ANALYZER_NUMBER_OBJECT_CONVERSION = YES_AGGRESSIVE;
				CLANG_CXX_LANGUAGE_STANDARD = "gnu++20";
				CLANG_ENABLE_MODULES = YES;
				CLANG_ENABLE_OBJC_ARC = YES;
				CLANG_ENABLE_OBJC_WEAK = YES;
				CLANG_WARN_BLOCK_CAPTURE_AUTORELEASING = YES;
				CLANG_WARN_BOOL_CONVERSION = YES;
				CLANG_WARN_COMMA = YES;
				CLANG_WARN_CONSTANT_CONVERSION = YES;
				CLANG_WARN_DEPRECATED_OBJC_IMPLEMENTATIONS = YES;
				CLANG_WARN_DIRECT_OBJC_ISA_USAGE = YES_ERROR;
				CLANG_WARN_DOCUMENTATION_COMMENTS = YES;
				CLANG_WARN_EMPTY_BODY = YES;
				CLANG_WARN_ENUM_CONVERSION = YES;
				CLANG_WARN_INFINITE_RECURSION = YES;
				CLANG_WARN_INT_CONVERSION = YES;
				CLANG_WARN_NON_LITERAL_NULL_CONVERSION = YES;
				CLANG_WARN_OBJC_IMPLICIT_RETAIN_SELF = YES;
				CLANG_WARN_OBJC_LITERAL_CONVERSION = YES;
				CLANG_WARN_OBJC_ROOT_CLASS = YES_ERROR;
				CLANG_WARN_QUOTED_INCLUDE_IN_FRAMEWORK_HEADER = YES;
				CLANG_WARN_RANGE_LOOP_ANALYSIS = YES;
				CLANG_WARN_STRICT_PROTOTYPES = YES;
				CLANG_WARN_SUSPICIOUS_MOVE = YES;
				CLANG_WARN_UNGUARDED_AVAILABILITY = YES_AGGRESSIVE;
				CLANG_WARN_UNREACHABLE_CODE = YES;
				CLANG_WARN__DUPLICATE_METHOD_MATCH = YES;
				COPY_PHASE_STRIP = NO;
				DEBUG_INFORMATION_FORMAT = "dwarf-with-dsym";
				ENABLE_NS_ASSERTIONS = NO;
				ENABLE_STRICT_OBJC_MSGSEND = YES;
				GCC_C_LANGUAGE_STANDARD = gnu11;
				GCC_NO_COMMON_BLOCKS = YES;
				GCC_WARN_64_TO_32_BIT_CONVERSION = YES;
				GCC_WARN_ABOUT_RETURN_TYPE = YES_ERROR;
				GCC_WARN_UNDECLARED_SELECTOR = YES;
				GCC_WARN_UNINITIALIZED_AUTOS = YES_AGGRESSIVE;
				GCC_WARN_UNUSED_FUNCTION = YES;
				GCC_WARN_UNUSED_VARIABLE = YES;
				MTL_ENABLE_DEBUG_INFO = NO;
				MTL_FAST_MATH = YES;
				SWIFT_COMPILATION_MODE = wholemodule;
				SWIFT_INCLUDE_PATHS = "";
				SWIFT_OPTIMIZATION_LEVEL = "-O";
			};
			name = Release;
		};
		2711D2712A45438C000712BD /* Debug */ = {
			isa = XCBuildConfiguration;
			buildSettings = {
				ASSETCATALOG_COMPILER_APPICON_NAME = AppIcon;
				ASSETCATALOG_COMPILER_GLOBAL_ACCENT_COLOR_NAME = AccentColor;
				CODE_SIGN_ENTITLEMENTS = SwiftWrapperApp/SwiftWrapperApp.entitlements;
				CODE_SIGN_STYLE = Automatic;
				CURRENT_PROJECT_VERSION = 1;
				DEVELOPMENT_ASSET_PATHS = "\"SwiftWrapperApp/Preview Content\"";
				ENABLE_PREVIEWS = YES;
				GENERATE_INFOPLIST_FILE = YES;
				INFOPLIST_FILE = SwiftWrapperApp/Info.plist;
				"INFOPLIST_KEY_UIApplicationSceneManifest_Generation[sdk=iphoneos*]" = YES;
				"INFOPLIST_KEY_UIApplicationSceneManifest_Generation[sdk=iphonesimulator*]" = YES;
				"INFOPLIST_KEY_UIApplicationSupportsIndirectInputEvents[sdk=iphoneos*]" = YES;
				"INFOPLIST_KEY_UIApplicationSupportsIndirectInputEvents[sdk=iphonesimulator*]" = YES;
				"INFOPLIST_KEY_UILaunchScreen_Generation[sdk=iphoneos*]" = YES;
				"INFOPLIST_KEY_UILaunchScreen_Generation[sdk=iphonesimulator*]" = YES;
				"INFOPLIST_KEY_UIStatusBarStyle[sdk=iphoneos*]" = UIStatusBarStyleDefault;
				"INFOPLIST_KEY_UIStatusBarStyle[sdk=iphonesimulator*]" = UIStatusBarStyleDefault;
				INFOPLIST_KEY_UISupportedInterfaceOrientations_iPad = "UIInterfaceOrientationPortrait UIInterfaceOrientationPortraitUpsideDown UIInterfaceOrientationLandscapeLeft UIInterfaceOrientationLandscapeRight";
				INFOPLIST_KEY_UISupportedInterfaceOrientations_iPhone = "UIInterfaceOrientationPortrait UIInterfaceOrientationLandscapeLeft UIInterfaceOrientationLandscapeRight";
				IPHONEOS_DEPLOYMENT_TARGET = 16.4;
				LD_RUNPATH_SEARCH_PATHS = "@executable_path/Frameworks";
				"LD_RUNPATH_SEARCH_PATHS[arch=*]" = /usr/local/lib/;
				"LD_RUNPATH_SEARCH_PATHS[sdk=macosx*]" = "@executable_path/../Frameworks";
				LIBRARY_SEARCH_PATHS = /usr/local/lib;
				MACOSX_DEPLOYMENT_TARGET = 13.3;
				MARKETING_VERSION = 1.0;
				PRODUCT_BUNDLE_IDENTIFIER = OneDSSwift.SwiftWrapperApp;
				PRODUCT_NAME = "$(TARGET_NAME)";
				SDKROOT = auto;
				SUPPORTED_PLATFORMS = "iphoneos iphonesimulator macosx";
				SWIFT_EMIT_LOC_STRINGS = YES;
				SWIFT_VERSION = 5.0;
				TARGETED_DEVICE_FAMILY = "1,2";
			};
			name = Debug;
		};
		2711D2722A45438C000712BD /* Release */ = {
			isa = XCBuildConfiguration;
			buildSettings = {
				ASSETCATALOG_COMPILER_APPICON_NAME = AppIcon;
				ASSETCATALOG_COMPILER_GLOBAL_ACCENT_COLOR_NAME = AccentColor;
				CODE_SIGN_ENTITLEMENTS = SwiftWrapperApp/SwiftWrapperApp.entitlements;
				CODE_SIGN_STYLE = Automatic;
				CURRENT_PROJECT_VERSION = 1;
				DEVELOPMENT_ASSET_PATHS = "\"SwiftWrapperApp/Preview Content\"";
				ENABLE_PREVIEWS = YES;
				GENERATE_INFOPLIST_FILE = YES;
				INFOPLIST_FILE = SwiftWrapperApp/Info.plist;
				"INFOPLIST_KEY_UIApplicationSceneManifest_Generation[sdk=iphoneos*]" = YES;
				"INFOPLIST_KEY_UIApplicationSceneManifest_Generation[sdk=iphonesimulator*]" = YES;
				"INFOPLIST_KEY_UIApplicationSupportsIndirectInputEvents[sdk=iphoneos*]" = YES;
				"INFOPLIST_KEY_UIApplicationSupportsIndirectInputEvents[sdk=iphonesimulator*]" = YES;
				"INFOPLIST_KEY_UILaunchScreen_Generation[sdk=iphoneos*]" = YES;
				"INFOPLIST_KEY_UILaunchScreen_Generation[sdk=iphonesimulator*]" = YES;
				"INFOPLIST_KEY_UIStatusBarStyle[sdk=iphoneos*]" = UIStatusBarStyleDefault;
				"INFOPLIST_KEY_UIStatusBarStyle[sdk=iphonesimulator*]" = UIStatusBarStyleDefault;
				INFOPLIST_KEY_UISupportedInterfaceOrientations_iPad = "UIInterfaceOrientationPortrait UIInterfaceOrientationPortraitUpsideDown UIInterfaceOrientationLandscapeLeft UIInterfaceOrientationLandscapeRight";
				INFOPLIST_KEY_UISupportedInterfaceOrientations_iPhone = "UIInterfaceOrientationPortrait UIInterfaceOrientationLandscapeLeft UIInterfaceOrientationLandscapeRight";
				IPHONEOS_DEPLOYMENT_TARGET = 16.4;
				LD_RUNPATH_SEARCH_PATHS = "@executable_path/Frameworks";
				"LD_RUNPATH_SEARCH_PATHS[sdk=macosx*]" = "@executable_path/../Frameworks";
				LIBRARY_SEARCH_PATHS = /usr/local/lib;
				MACOSX_DEPLOYMENT_TARGET = 13.3;
				MARKETING_VERSION = 1.0;
				PRODUCT_BUNDLE_IDENTIFIER = OneDSSwift.SwiftWrapperApp;
				PRODUCT_NAME = "$(TARGET_NAME)";
				SDKROOT = auto;
				SUPPORTED_PLATFORMS = "iphoneos iphonesimulator macosx";
				SWIFT_EMIT_LOC_STRINGS = YES;
				SWIFT_VERSION = 5.0;
				TARGETED_DEVICE_FAMILY = "1,2";
			};
			name = Release;
		};
/* End XCBuildConfiguration section */

/* Begin XCConfigurationList section */
		2711D25C2A45438A000712BD /* Build configuration list for PBXProject "SwiftWrapperApp" */ = {
			isa = XCConfigurationList;
			buildConfigurations = (
				2711D26E2A45438C000712BD /* Debug */,
				2711D26F2A45438C000712BD /* Release */,
			);
			defaultConfigurationIsVisible = 0;
			defaultConfigurationName = Release;
		};
		2711D2702A45438C000712BD /* Build configuration list for PBXNativeTarget "SwiftWrapperApp" */ = {
			isa = XCConfigurationList;
			buildConfigurations = (
				2711D2712A45438C000712BD /* Debug */,
				2711D2722A45438C000712BD /* Release */,
			);
			defaultConfigurationIsVisible = 0;
			defaultConfigurationName = Release;
		};
/* End XCConfigurationList section */

/* Begin XCSwiftPackageProductDependency section */
		277E77002A460B83004A3A8F /* OneDSSwift */ = {
			isa = XCSwiftPackageProductDependency;
			productName = OneDSSwift;
		};
		A347441F2A4642300039D419 /* OneDSSwift */ = {
			isa = XCSwiftPackageProductDependency;
			productName = OneDSSwift;
		};
/* End XCSwiftPackageProductDependency section */
	};
	rootObject = 2711D2592A45438A000712BD /* Project object */;
}
