
Microsoft Visual Studio Solution File, Format Version 12.00
# Visual Studio 15
VisualStudioVersion = 15.0.27205.2004
MinimumVisualStudioVersion = 10.0.40219.1
Project("{8BC9CEB8-8B4A-11D0-8D11-00A0C91BC942}") = "HelloAria", "HelloAria\HelloAria.vcxproj", "{86AC752C-5687-4377-841E-943D9BEEF360}"
EndProject
Project("{FAE04EC0-301F-11D3-BF4B-00C04F79EFBC}") = "HelloAriaCS", "HelloAriaCS\HelloAriaCS.csproj", "{65AFA0E2-F9A2-4309-87E7-E419D59583C1}"
EndProject
Global
	GlobalSection(SolutionConfigurationPlatforms) = preSolution
		Debug|x64 = Debug|x64
		Debug|x86 = Debug|x86
		Release|x64 = Release|x64
		Release|x86 = Release|x86
	EndGlobalSection
	GlobalSection(ProjectConfigurationPlatforms) = postSolution
		{86AC752C-5687-4377-841E-943D9BEEF360}.Debug|x64.ActiveCfg = Debug|x64
		{86AC752C-5687-4377-841E-943D9BEEF360}.Debug|x64.Build.0 = Debug|x64
		{86AC752C-5687-4377-841E-943D9BEEF360}.Debug|x86.ActiveCfg = Debug|Win32
		{86AC752C-5687-4377-841E-943D9BEEF360}.Debug|x86.Build.0 = Debug|Win32
		{86AC752C-5687-4377-841E-943D9BEEF360}.Release|x64.ActiveCfg = Release|x64
		{86AC752C-5687-4377-841E-943D9BEEF360}.Release|x64.Build.0 = Release|x64
		{86AC752C-5687-4377-841E-943D9BEEF360}.Release|x86.ActiveCfg = Release|Win32
		{86AC752C-5687-4377-841E-943D9BEEF360}.Release|x86.Build.0 = Release|Win32
		{65AFA0E2-F9A2-4309-87E7-E419D59583C1}.Debug|x64.ActiveCfg = Debug|x64
		{65AFA0E2-F9A2-4309-87E7-E419D59583C1}.Debug|x64.Build.0 = Debug|x64
		{65AFA0E2-F9A2-4309-87E7-E419D59583C1}.Debug|x86.ActiveCfg = Debug|x86
		{65AFA0E2-F9A2-4309-87E7-E419D59583C1}.Debug|x86.Build.0 = Debug|x86
		{65AFA0E2-F9A2-4309-87E7-E419D59583C1}.Release|x64.ActiveCfg = Release|x64
		{65AFA0E2-F9A2-4309-87E7-E419D59583C1}.Release|x64.Build.0 = Release|x64
		{65AFA0E2-F9A2-4309-87E7-E419D59583C1}.Release|x86.ActiveCfg = Release|x86
		{65AFA0E2-F9A2-4309-87E7-E419D59583C1}.Release|x86.Build.0 = Release|x86
	EndGlobalSection
	GlobalSection(SolutionProperties) = preSolution
		HideSolutionNode = FALSE
	EndGlobalSection
	GlobalSection(ExtensibilityGlobals) = postSolution
		SolutionGuid = {EF9662C8-F452-4ACF-9E69-93BCDA60A60C}
	EndGlobalSection
EndGlobal
