<?xml version="1.0" encoding="utf-8"?>
<Project ToolsVersion="14.0" xmlns="http://schemas.microsoft.com/developer/msbuild/2003">
  <ItemGroup>
    <ClCompile Include="$(ProjectDir)..\..\..\bondlite\tests\BondLiteDump.cpp" />
  </ItemGroup>
  <ItemGroup>
    <CustomBuild Include="$(ProjectDir)..\..\..\bondlite\tests\CMakeLists.txt" />
  </ItemGroup>
  <ItemGroup>
    <Filter Include=" ">
      <UniqueIdentifier>{785D8461-1CA4-30CA-9A64-692B8A3A06A7}</UniqueIdentifier>
    </Filter>
  </ItemGroup>
</Project>