<?xml version="1.0" encoding="UTF-8"?>
<Project ToolsVersion="14.0" xmlns="http://schemas.microsoft.com/developer/msbuild/2003">
  <ItemGroup>
    <CustomBuild Include="C:\ASGVSO\CPP1\Aria.SDK.C\Aria.SDK.NewC\Solutions\CMakeFiles\71a60e63e17e198effda62e0f42c569a\INSTALL_force.rule">
      <Filter> </Filter>
    </CustomBuild>
  </ItemGroup>
  <ItemGroup>
    <Filter Include=" ">
      <UniqueIdentifier>{785D8461-1CA4-30CA-9A64-692B8A3A06A7}</UniqueIdentifier>
    </Filter>
  </ItemGroup>
</Project>
