<?xml version="1.0" encoding="utf-8"?>
<Project ToolsVersion="4.0" xmlns="http://schemas.microsoft.com/developer/msbuild/2003">
  <ItemGroup>
    <ClCompile Include="..\net40\dllmain.cpp" />
  </ItemGroup>
  <ItemGroup>
    <Filter Include="Resource Files">
      <UniqueIdentifier>{7ff9cecd-1aea-4d2e-8861-35796c83e915}</UniqueIdentifier>
    </Filter>
  </ItemGroup>
  <ItemGroup>
    <ClInclude Include="..\net40\targetver.h" />
  </ItemGroup>
  <ItemGroup>
    <ResourceCompile Include="$(ProjectDir)..\VersionInfo.rc" />
  </ItemGroup>
</Project>